// !$*UTF8*$!
{
       archiveVersion = 1;
       classes = {
       };
       objectVersion = 42;
       objects = {

/* Begin PBXAggregateTarget section */
              1FBF4D01FBF4D01FBF4D0000 /* ALL_BUILD */ = {
                     isa = PBXAggregateTarget;
                     buildConfigurationList = 1F8AFB01F8AFB01F8AFB0000 /* Build configuration list for PBXAggregateTarget "ALL_BUILD" */;
                     buildPhases = (
                            1FAC4501FAC4501FAC450000 /* CMake ReRun */,
                            1FAE0E01FAE0E01FAE0E0000 /* CMake Rules */,
                     );
                     buildSettings = {
                            GCC_GENERATE_DEBUGGING_SYMBOLS = NO;
                            GCC_INLINES_ARE_PRIVATE_EXTERN = NO;
                            GCC_OPTIMIZATION_LEVEL = 0;
                            GCC_PREPROCESSOR_DEFINITIONS = "'CMAKE_INTDIR=\"$(CONFIGURATION)\"' 'BOOST_ALL_NO_LIB=1'";
                            GCC_SYMBOLS_PRIVATE_EXTERN = NO;
                            HEADER_SEARCH_PATHS = "/Users/davidcox/Repositories/monkeyworks/mw_supporting/boost_1_40_0 /Users/davidcox/Repositories/monkeyworks/mw_supporting/boost_1_40_0/libs/compatibility/include ";
                            INSTALL_PATH = "";
                            OTHER_CFLAGS = "  ";
                            OTHER_LDFLAGS = "";
                            OTHER_REZFLAGS = "";
                            PREBINDING = NO;
                            PRODUCT_NAME = ALL_BUILD;
                            SECTORDER_FLAGS = "";
                            USE_HEADERMAP = NO;
                            WARNING_CFLAGS = "-Wmost -Wno-four-char-constants -Wno-unknown-pragmas";
                     };
                     dependencies = (
                     );
                     name = ALL_BUILD;
                     productName = ALL_BUILD;
              };
              1FD9B301FD9B301FD9B30000 /* compatibility-modularize */ = {
                     isa = PBXAggregateTarget;
                     buildConfigurationList = 1F7F5701F7F5701F7F570000 /* Build configuration list for PBXAggregateTarget "compatibility-modularize" */;
                     buildPhases = (
                            1FA13501FA13501FA1350000 /* CMake ReRun */,
                            1FE10801FE10801FE1080000 /* CMake Rules */,
                     );
                     buildSettings = {
                            GCC_GENERATE_DEBUGGING_SYMBOLS = NO;
                            GCC_INLINES_ARE_PRIVATE_EXTERN = NO;
                            GCC_OPTIMIZATION_LEVEL = 0;
                            GCC_PREPROCESSOR_DEFINITIONS = "'CMAKE_INTDIR=\"$(CONFIGURATION)\"' 'BOOST_ALL_NO_LIB=1'";
                            GCC_SYMBOLS_PRIVATE_EXTERN = NO;
                            HEADER_SEARCH_PATHS = "/Users/davidcox/Repositories/monkeyworks/mw_supporting/boost_1_40_0 /Users/davidcox/Repositories/monkeyworks/mw_supporting/boost_1_40_0/libs/compatibility/include ";
                            INSTALL_PATH = "";
                            OTHER_CFLAGS = "  ";
                            OTHER_LDFLAGS = "";
                            OTHER_REZFLAGS = "";
                            PREBINDING = NO;
                            PRODUCT_NAME = "compatibility-modularize";
                            SECTORDER_FLAGS = "";
                            USE_HEADERMAP = NO;
                            WARNING_CFLAGS = "-Wmost -Wno-four-char-constants -Wno-unknown-pragmas";
                     };
                     dependencies = (
                     );
                     name = "compatibility-modularize";
                     productName = "compatibility-modularize";
              };
              1F7F0B01F7F0B01F7F0B0000 /* install */ = {
                     isa = PBXAggregateTarget;
                     buildConfigurationList = 1FBAB301FBAB301FBAB30000 /* Build configuration list for PBXAggregateTarget "install" */;
                     buildPhases = (
                            1F812401F812401F81240000 /* CMake ReRun */,
                            1FBA4901FBA4901FBA490000 /* CMake PostBuild Rules */,
                     );
                     buildSettings = {
                            GCC_GENERATE_DEBUGGING_SYMBOLS = NO;
                            GCC_INLINES_ARE_PRIVATE_EXTERN = NO;
                            GCC_OPTIMIZATION_LEVEL = 0;
                            GCC_PREPROCESSOR_DEFINITIONS = "'CMAKE_INTDIR=\"$(CONFIGURATION)\"' 'BOOST_ALL_NO_LIB=1'";
                            GCC_SYMBOLS_PRIVATE_EXTERN = NO;
                            HEADER_SEARCH_PATHS = "/Users/davidcox/Repositories/monkeyworks/mw_supporting/boost_1_40_0 /Users/davidcox/Repositories/monkeyworks/mw_supporting/boost_1_40_0/libs/compatibility/include ";
                            INSTALL_PATH = "";
                            OTHER_CFLAGS = "  ";
                            OTHER_LDFLAGS = "";
                            OTHER_REZFLAGS = "";
                            PREBINDING = NO;
                            PRODUCT_NAME = install;
                            SECTORDER_FLAGS = "";
                            USE_HEADERMAP = NO;
                            WARNING_CFLAGS = "-Wmost -Wno-four-char-constants -Wno-unknown-pragmas";
                     };
                     dependencies = (
                            1FB92601FB92601FB9260000 /* PBXTargetDependency */,
                     );
                     name = install;
                     productName = install;
              };
              1FCD2801FCD2801FCD280000 /* package */ = {
                     isa = PBXAggregateTarget;
                     buildConfigurationList = 1FA30801FA30801FA3080000 /* Build configuration list for PBXAggregateTarget "package" */;
                     buildPhases = (
                            1FCD4601FCD4601FCD460000 /* CMake ReRun */,
                            1FEAC301FEAC301FEAC30000 /* CMake PostBuild Rules */,
                     );
                     buildSettings = {
                            GCC_GENERATE_DEBUGGING_SYMBOLS = NO;
                            GCC_INLINES_ARE_PRIVATE_EXTERN = NO;
                            GCC_OPTIMIZATION_LEVEL = 0;
                            GCC_PREPROCESSOR_DEFINITIONS = "'CMAKE_INTDIR=\"$(CONFIGURATION)\"' 'BOOST_ALL_NO_LIB=1'";
                            GCC_SYMBOLS_PRIVATE_EXTERN = NO;
                            HEADER_SEARCH_PATHS = "/Users/davidcox/Repositories/monkeyworks/mw_supporting/boost_1_40_0 /Users/davidcox/Repositories/monkeyworks/mw_supporting/boost_1_40_0/libs/compatibility/include ";
                            INSTALL_PATH = "";
                            OTHER_CFLAGS = "  ";
                            OTHER_LDFLAGS = "";
                            OTHER_REZFLAGS = "";
                            PREBINDING = NO;
                            PRODUCT_NAME = package;
                            SECTORDER_FLAGS = "";
                            USE_HEADERMAP = NO;
                            WARNING_CFLAGS = "-Wmost -Wno-four-char-constants -Wno-unknown-pragmas";
                     };
                     dependencies = (
                            1FB92601FB92601FB9260000 /* PBXTargetDependency */,
                     );
                     name = package;
                     productName = package;
              };
/* End PBXAggregateTarget section */

/* Begin PBXBuildStyle section */
              1FC3B201FC3B201FC3B20000 /*  */ = {
                     isa = PBXBuildStyle;
              };
              1F87DB01F87DB01F87DB0000 /* Debug */ = {
                     isa = PBXBuildStyle;
                     buildSettings = {
                            COPY_PHASE_STRIP = NO;
                     };
                     name = Debug;
              };
              1F99B401F99B401F99B40000 /* Release */ = {
                     isa = PBXBuildStyle;
                     buildSettings = {
                            COPY_PHASE_STRIP = NO;
                     };
                     name = Release;
              };
              1FC44C01FC44C01FC44C0000 /* MinSizeRel */ = {
                     isa = PBXBuildStyle;
                     buildSettings = {
                            COPY_PHASE_STRIP = NO;
                     };
                     name = MinSizeRel;
              };
              1FDC1201FDC1201FDC120000 /* RelWithDebInfo */ = {
                     isa = PBXBuildStyle;
                     buildSettings = {
                            COPY_PHASE_STRIP = NO;
                     };
                     name = RelWithDebInfo;
              };
/* End PBXBuildStyle section */

/* Begin PBXContainerItemProxy section */
              1FB8DD01FB8DD01FB8DD0000 /* PBXContainerItemProxy */ = {
                     isa = PBXContainerItemProxy;
                     containerPortal = 1FA47B01FA47B01FA47B0000 /* Project object */;
                     proxyType = 1;
                     remoteGlobalIDString = 1FBF4D01FBF4D01FBF4D0000;
                     remoteInfo = ALL_BUILD;
              };
/* End PBXContainerItemProxy section */

/* Begin PBXFileReference section */
1FEFD801FEFD801FEFD80000 /* /Users/davidcox/Repositories/monkeyworks/mw_supporting/boost_1_40_0/libs/compatibility/CMakeLists.txt */ = {isa = PBXFileReference; fileEncoding = 4; lastKnownFileType = "sourcecode.text"; name = "CMakeLists.txt"; path = "/Users/davidcox/Repositories/monkeyworks/mw_supporting/boost_1_40_0/libs/compatibility/CMakeLists.txt"; sourceTree = "<absolute>"; };
/* End PBXFileReference section */

/* Begin PBXGroup section */
              1FDF5201FDF5201FDF520000  = {
                     isa = PBXGroup;
                     children = (
                            1FC7DF01FC7DF01FC7DF0000 /* Sources */,
                            1F775E01F775E01F775E0000 /* Resources */,
                            1FB7AA01FB7AA01FB7AA0000 /* Products */,
                     );
                     sourceTree = "<group>";
              };
              1FC7DF01FC7DF01FC7DF0000 /* Sources */ = {
                     isa = PBXGroup;
                     children = (
                            1F6C9901F6C9901F6C990000 /* ALL_BUILD */,
                            1F6E1701F6E1701F6E170000 /* compatibility-modularize */,
                     );
                     name = Sources;
                     sourceTree = "<group>";
              };
              1F775E01F775E01F775E0000 /* Resources */ = {
                     isa = PBXGroup;
                     children = (
                     );
                     name = Resources;
                     sourceTree = "<group>";
              };
              1F6C9901F6C9901F6C990000 /* ALL_BUILD */ = {
                     isa = PBXGroup;
                     children = (
                            1FC3A301FC3A301FC3A30000 /* CMake Rules */,
                            1FEFD801FEFD801FEFD80000 /* /Users/davidcox/Repositories/monkeyworks/mw_supporting/boost_1_40_0/libs/compatibility/CMakeLists.txt */,
                     );
                     name = ALL_BUILD;
                     sourceTree = "<group>";
              };
              1FC3A301FC3A301FC3A30000 /* CMake Rules */ = {
                     isa = PBXGroup;
                     children = (
                     );
                     name = "CMake Rules";
                     sourceTree = "<group>";
              };
              1F6E1701F6E1701F6E170000 /* compatibility-modularize */ = {
                     isa = PBXGroup;
                     children = (
                            1F898401F898401F89840000 /* CMake Rules */,
                            1FEFD801FEFD801FEFD80000 /* /Users/davidcox/Repositories/monkeyworks/mw_supporting/boost_1_40_0/libs/compatibility/CMakeLists.txt */,
                     );
                     name = "compatibility-modularize";
                     sourceTree = "<group>";
              };
              1F898401F898401F89840000 /* CMake Rules */ = {
                     isa = PBXGroup;
                     children = (
                     );
                     name = "CMake Rules";
                     sourceTree = "<group>";
              };
              1FB7AA01FB7AA01FB7AA0000 /* Products */ = {
                     isa = PBXGroup;
                     children = (
                     );
                     name = Products;
                     sourceTree = "<group>";
              };
/* End PBXGroup section */

/* Begin PBXProject section */
              1FA47B01FA47B01FA47B0000 /* Project object */ = {
                     isa = PBXProject;
                     buildConfigurationList = 1FD3FB01FD3FB01FD3FB0000 /* Build configuration list for PBXProject  "compatibility" */;
                     buildSettings = {
                     };
                     buildStyles = (
                            1F87DB01F87DB01F87DB0000 /* Debug */,
                            1F99B401F99B401F99B40000 /* Release */,
                            1FC44C01FC44C01FC44C0000 /* MinSizeRel */,
                            1FDC1201FDC1201FDC120000 /* RelWithDebInfo */,
                     );
                     hasScannedForEncodings = 0;
                     mainGroup = 1FDF5201FDF5201FDF520000;
                     projectRoot = /Users/davidcox/Repositories/monkeyworks/mw_supporting/boost_1_40_0/libs/compatibility;
                     targets = (
                            1FBF4D01FBF4D01FBF4D0000 /* ALL_BUILD */,
                            1FD9B301FD9B301FD9B30000 /* compatibility-modularize */,
                            1F7F0B01F7F0B01F7F0B0000 /* install */,
                            1FCD2801FCD2801FCD280000 /* package */,
                     );
              };
/* End PBXProject section */

/* Begin PBXShellScriptBuildPhase section */
              1F7A7A01F7A7A01F7A7A0000 /*  */ = {
                     isa = PBXShellScriptBuildPhase;
                     buildActionMask = 2147483647;
                     files = (
                     );
                     inputPaths = (
                     );
                     outputPaths = (
                     );
                     runOnlyForDeploymentPostprocessing = 0;
                     shellPath = /bin/sh;
                     shellScript = "# shell script goes here
exit 0";
              };
              1FAC4501FAC4501FAC450000 /* CMake ReRun */ = {
                     isa = PBXShellScriptBuildPhase;
                     buildActionMask = 2147483647;
                     files = (
                     );
                     name = "CMake ReRun";
                     runOnlyForDeploymentPostprocessing = 0;
                     shellPath = /bin/sh;
                     shellScript = "make -C /Users/davidcox/Repositories/monkeyworks/mw_supporting/boost_1_40_0 -f /Users/davidcox/Repositories/monkeyworks/mw_supporting/boost_1_40_0/CMakeScripts/ReRunCMake.make";
              };
              1FAE0E01FAE0E01FAE0E0000 /* CMake Rules */ = {
                     isa = PBXShellScriptBuildPhase;
                     buildActionMask = 2147483647;
                     files = (
                     );
                     name = "CMake Rules";
                     runOnlyForDeploymentPostprocessing = 0;
                     shellPath = /bin/sh;
                     shellScript = "make -C /Users/davidcox/Repositories/monkeyworks/mw_supporting/boost_1_40_0/libs/compatibility -f /Users/davidcox/Repositories/monkeyworks/mw_supporting/boost_1_40_0/libs/compatibility/CMakeScripts/ALL_BUILD_cmakeRulesBuildPhase.make$CONFIGURATION all";
              };
              1FB19E01FB19E01FB19E0000 /*  */ = {
                     isa = PBXShellScriptBuildPhase;
                     buildActionMask = 2147483647;
                     files = (
                     );
                     inputPaths = (
                     );
                     outputPaths = (
                     );
                     runOnlyForDeploymentPostprocessing = 0;
                     shellPath = /bin/sh;
                     shellScript = "# shell script goes here
exit 0";
              };
              1FA13501FA13501FA1350000 /* CMake ReRun */ = {
                     isa = PBXShellScriptBuildPhase;
                     buildActionMask = 2147483647;
                     files = (
                     );
                     name = "CMake ReRun";
                     runOnlyForDeploymentPostprocessing = 0;
                     shellPath = /bin/sh;
                     shellScript = "make -C /Users/davidcox/Repositories/monkeyworks/mw_supporting/boost_1_40_0 -f /Users/davidcox/Repositories/monkeyworks/mw_supporting/boost_1_40_0/CMakeScripts/ReRunCMake.make";
              };
              1FE10801FE10801FE1080000 /* CMake Rules */ = {
                     isa = PBXShellScriptBuildPhase;
                     buildActionMask = 2147483647;
                     files = (
                     );
                     name = "CMake Rules";
                     runOnlyForDeploymentPostprocessing = 0;
                     shellPath = /bin/sh;
                     shellScript = "make -C /Users/davidcox/Repositories/monkeyworks/mw_supporting/boost_1_40_0/libs/compatibility -f /Users/davidcox/Repositories/monkeyworks/mw_supporting/boost_1_40_0/libs/compatibility/CMakeScripts/compatibility-modularize_cmakeRulesBuildPhase.make$CONFIGURATION all";
              };
              1FC6F301FC6F301FC6F30000 /*  */ = {
                     isa = PBXShellScriptBuildPhase;
                     buildActionMask = 2147483647;
                     files = (
                     );
                     inputPaths = (
                     );
                     outputPaths = (
                     );
                     runOnlyForDeploymentPostprocessing = 0;
                     shellPath = /bin/sh;
                     shellScript = "# shell script goes here
exit 0";
              };
              1F812401F812401F81240000 /* CMake ReRun */ = {
                     isa = PBXShellScriptBuildPhase;
                     buildActionMask = 2147483647;
                     files = (
                     );
                     name = "CMake ReRun";
                     runOnlyForDeploymentPostprocessing = 0;
                     shellPath = /bin/sh;
                     shellScript = "make -C /Users/davidcox/Repositories/monkeyworks/mw_supporting/boost_1_40_0 -f /Users/davidcox/Repositories/monkeyworks/mw_supporting/boost_1_40_0/CMakeScripts/ReRunCMake.make";
              };
              1FBA4901FBA4901FBA490000 /* CMake PostBuild Rules */ = {
                     isa = PBXShellScriptBuildPhase;
                     buildActionMask = 2147483647;
                     files = (
                     );
                     name = "CMake PostBuild Rules";
                     runOnlyForDeploymentPostprocessing = 0;
                     shellPath = /bin/sh;
                     shellScript = "make -C /Users/davidcox/Repositories/monkeyworks/mw_supporting/boost_1_40_0/libs/compatibility -f /Users/davidcox/Repositories/monkeyworks/mw_supporting/boost_1_40_0/libs/compatibility/CMakeScripts/install_postBuildPhase.make$CONFIGURATION all";
              };
              1FCCB101FCCB101FCCB10000 /*  */ = {
                     isa = PBXShellScriptBuildPhase;
                     buildActionMask = 2147483647;
                     files = (
                     );
                     inputPaths = (
                     );
                     outputPaths = (
                     );
                     runOnlyForDeploymentPostprocessing = 0;
                     shellPath = /bin/sh;
                     shellScript = "# shell script goes here
exit 0";
              };
              1FCD4601FCD4601FCD460000 /* CMake ReRun */ = {
                     isa = PBXShellScriptBuildPhase;
                     buildActionMask = 2147483647;
                     files = (
                     );
                     name = "CMake ReRun";
                     runOnlyForDeploymentPostprocessing = 0;
                     shellPath = /bin/sh;
                     shellScript = "make -C /Users/davidcox/Repositories/monkeyworks/mw_supporting/boost_1_40_0 -f /Users/davidcox/Repositories/monkeyworks/mw_supporting/boost_1_40_0/CMakeScripts/ReRunCMake.make";
              };
              1FEAC301FEAC301FEAC30000 /* CMake PostBuild Rules */ = {
                     isa = PBXShellScriptBuildPhase;
                     buildActionMask = 2147483647;
                     files = (
                     );
                     name = "CMake PostBuild Rules";
                     runOnlyForDeploymentPostprocessing = 0;
                     shellPath = /bin/sh;
                     shellScript = "make -C /Users/davidcox/Repositories/monkeyworks/mw_supporting/boost_1_40_0/libs/compatibility -f /Users/davidcox/Repositories/monkeyworks/mw_supporting/boost_1_40_0/libs/compatibility/CMakeScripts/package_postBuildPhase.make$CONFIGURATION all";
              };
/* End PBXShellScriptBuildPhase section */

/* Begin PBXTargetDependency section */
              1FB92601FB92601FB9260000 /* PBXTargetDependency */ = {
                     isa = PBXTargetDependency;
                     target = 1FBF4D01FBF4D01FBF4D0000 /* ALL_BUILD */;
                     targetProxy = 1FB8DD01FB8DD01FB8DD0000 /* PBXContainerItemProxy */;
              };
/* End PBXTargetDependency section */

/* Begin XCBuildConfiguration section */
              1F8EA301F8EA301F8EA30000 /* Debug */ = {
                     isa = XCBuildConfiguration;
                     buildSettings = {
                            ARCHS = "i386 x86_64 ";
                            SDKROOT = "/Developer/SDKs/MacOSX10.5.sdk";
                     };
                     name = Debug;
              };
              1FAB5601FAB5601FAB560000 /* Release */ = {
                     isa = XCBuildConfiguration;
                     buildSettings = {
                            ARCHS = "i386 x86_64 ";
                            SDKROOT = "/Developer/SDKs/MacOSX10.5.sdk";
                     };
                     name = Release;
              };
              1F858A01F858A01F858A0000 /* MinSizeRel */ = {
                     isa = XCBuildConfiguration;
                     buildSettings = {
                            ARCHS = "i386 x86_64 ";
                            SDKROOT = "/Developer/SDKs/MacOSX10.5.sdk";
                     };
                     name = MinSizeRel;
              };
              1FDFA001FDFA001FDFA00000 /* RelWithDebInfo */ = {
                     isa = XCBuildConfiguration;
                     buildSettings = {
                            ARCHS = "i386 x86_64 ";
                            SDKROOT = "/Developer/SDKs/MacOSX10.5.sdk";
                     };
                     name = RelWithDebInfo;
              };
              1F892001F892001F89200000 /* Debug */ = {
                     isa = XCBuildConfiguration;
                     buildSettings = {
                            GCC_GENERATE_DEBUGGING_SYMBOLS = NO;
                            GCC_INLINES_ARE_PRIVATE_EXTERN = NO;
                            GCC_OPTIMIZATION_LEVEL = 0;
                            GCC_PREPROCESSOR_DEFINITIONS = "'CMAKE_INTDIR=\"$(CONFIGURATION)\"' 'BOOST_ALL_NO_LIB=1'";
                            GCC_SYMBOLS_PRIVATE_EXTERN = NO;
                            HEADER_SEARCH_PATHS = "/Users/davidcox/Repositories/monkeyworks/mw_supporting/boost_1_40_0 /Users/davidcox/Repositories/monkeyworks/mw_supporting/boost_1_40_0/libs/compatibility/include ";
                            INSTALL_PATH = "";
                            OTHER_CFLAGS = "  ";
                            OTHER_LDFLAGS = "";
                            OTHER_REZFLAGS = "";
                            PREBINDING = NO;
                            PRODUCT_NAME = ALL_BUILD;
                            SECTORDER_FLAGS = "";
                            USE_HEADERMAP = NO;
                            WARNING_CFLAGS = "-Wmost -Wno-four-char-constants -Wno-unknown-pragmas";
                     };
                     name = Debug;
              };
              1FC43501FC43501FC4350000 /* Release */ = {
                     isa = XCBuildConfiguration;
                     buildSettings = {
                            GCC_GENERATE_DEBUGGING_SYMBOLS = NO;
                            GCC_INLINES_ARE_PRIVATE_EXTERN = NO;
                            GCC_OPTIMIZATION_LEVEL = 0;
                            GCC_PREPROCESSOR_DEFINITIONS = "'CMAKE_INTDIR=\"$(CONFIGURATION)\"' 'BOOST_ALL_NO_LIB=1'";
                            GCC_SYMBOLS_PRIVATE_EXTERN = NO;
                            HEADER_SEARCH_PATHS = "/Users/davidcox/Repositories/monkeyworks/mw_supporting/boost_1_40_0 /Users/davidcox/Repositories/monkeyworks/mw_supporting/boost_1_40_0/libs/compatibility/include ";
                            INSTALL_PATH = "";
                            OTHER_CFLAGS = "  ";
                            OTHER_LDFLAGS = "";
                            OTHER_REZFLAGS = "";
                            PREBINDING = NO;
                            PRODUCT_NAME = ALL_BUILD;
                            SECTORDER_FLAGS = "";
                            USE_HEADERMAP = NO;
                            WARNING_CFLAGS = "-Wmost -Wno-four-char-constants -Wno-unknown-pragmas";
                     };
                     name = Release;
              };
              1FC38B01FC38B01FC38B0000 /* MinSizeRel */ = {
                     isa = XCBuildConfiguration;
                     buildSettings = {
                            GCC_GENERATE_DEBUGGING_SYMBOLS = NO;
                            GCC_INLINES_ARE_PRIVATE_EXTERN = NO;
                            GCC_OPTIMIZATION_LEVEL = 0;
                            GCC_PREPROCESSOR_DEFINITIONS = "'CMAKE_INTDIR=\"$(CONFIGURATION)\"' 'BOOST_ALL_NO_LIB=1'";
                            GCC_SYMBOLS_PRIVATE_EXTERN = NO;
                            HEADER_SEARCH_PATHS = "/Users/davidcox/Repositories/monkeyworks/mw_supporting/boost_1_40_0 /Users/davidcox/Repositories/monkeyworks/mw_supporting/boost_1_40_0/libs/compatibility/include ";
                            INSTALL_PATH = "";
                            OTHER_CFLAGS = "  ";
                            OTHER_LDFLAGS = "";
                            OTHER_REZFLAGS = "";
                            PREBINDING = NO;
                            PRODUCT_NAME = ALL_BUILD;
                            SECTORDER_FLAGS = "";
                            USE_HEADERMAP = NO;
                            WARNING_CFLAGS = "-Wmost -Wno-four-char-constants -Wno-unknown-pragmas";
                     };
                     name = MinSizeRel;
              };
              1F8E2701F8E2701F8E270000 /* RelWithDebInfo */ = {
                     isa = XCBuildConfiguration;
                     buildSettings = {
                            GCC_GENERATE_DEBUGGING_SYMBOLS = NO;
                            GCC_INLINES_ARE_PRIVATE_EXTERN = NO;
                            GCC_OPTIMIZATION_LEVEL = 0;
                            GCC_PREPROCESSOR_DEFINITIONS = "'CMAKE_INTDIR=\"$(CONFIGURATION)\"' 'BOOST_ALL_NO_LIB=1'";
                            GCC_SYMBOLS_PRIVATE_EXTERN = NO;
                            HEADER_SEARCH_PATHS = "/Users/davidcox/Repositories/monkeyworks/mw_supporting/boost_1_40_0 /Users/davidcox/Repositories/monkeyworks/mw_supporting/boost_1_40_0/libs/compatibility/include ";
                            INSTALL_PATH = "";
                            OTHER_CFLAGS = "  ";
                            OTHER_LDFLAGS = "";
                            OTHER_REZFLAGS = "";
                            PREBINDING = NO;
                            PRODUCT_NAME = ALL_BUILD;
                            SECTORDER_FLAGS = "";
                            USE_HEADERMAP = NO;
                            WARNING_CFLAGS = "-Wmost -Wno-four-char-constants -Wno-unknown-pragmas";
                     };
                     name = RelWithDebInfo;
              };
              1FC9EB01FC9EB01FC9EB0000 /* Debug */ = {
                     isa = XCBuildConfiguration;
                     buildSettings = {
                            GCC_GENERATE_DEBUGGING_SYMBOLS = NO;
                            GCC_INLINES_ARE_PRIVATE_EXTERN = NO;
                            GCC_OPTIMIZATION_LEVEL = 0;
                            GCC_PREPROCESSOR_DEFINITIONS = "'CMAKE_INTDIR=\"$(CONFIGURATION)\"' 'BOOST_ALL_NO_LIB=1'";
                            GCC_SYMBOLS_PRIVATE_EXTERN = NO;
                            HEADER_SEARCH_PATHS = "/Users/davidcox/Repositories/monkeyworks/mw_supporting/boost_1_40_0 /Users/davidcox/Repositories/monkeyworks/mw_supporting/boost_1_40_0/libs/compatibility/include ";
                            INSTALL_PATH = "";
                            OTHER_CFLAGS = "  ";
                            OTHER_LDFLAGS = "";
                            OTHER_REZFLAGS = "";
                            PREBINDING = NO;
                            PRODUCT_NAME = "compatibility-modularize";
                            SECTORDER_FLAGS = "";
                            USE_HEADERMAP = NO;
                            WARNING_CFLAGS = "-Wmost -Wno-four-char-constants -Wno-unknown-pragmas";
                     };
                     name = Debug;
              };
              1FC93901FC93901FC9390000 /* Release */ = {
                     isa = XCBuildConfiguration;
                     buildSettings = {
                            GCC_GENERATE_DEBUGGING_SYMBOLS = NO;
                            GCC_INLINES_ARE_PRIVATE_EXTERN = NO;
                            GCC_OPTIMIZATION_LEVEL = 0;
                            GCC_PREPROCESSOR_DEFINITIONS = "'CMAKE_INTDIR=\"$(CONFIGURATION)\"' 'BOOST_ALL_NO_LIB=1'";
                            GCC_SYMBOLS_PRIVATE_EXTERN = NO;
                            HEADER_SEARCH_PATHS = "/Users/davidcox/Repositories/monkeyworks/mw_supporting/boost_1_40_0 /Users/davidcox/Repositories/monkeyworks/mw_supporting/boost_1_40_0/libs/compatibility/include ";
                            INSTALL_PATH = "";
                            OTHER_CFLAGS = "  ";
                            OTHER_LDFLAGS = "";
                            OTHER_REZFLAGS = "";
                            PREBINDING = NO;
                            PRODUCT_NAME = "compatibility-modularize";
                            SECTORDER_FLAGS = "";
                            USE_HEADERMAP = NO;
                            WARNING_CFLAGS = "-Wmost -Wno-four-char-constants -Wno-unknown-pragmas";
                     };
                     name = Release;
              };
              1FB2E001FB2E001FB2E00000 /* MinSizeRel */ = {
                     isa = XCBuildConfiguration;
                     buildSettings = {
                            GCC_GENERATE_DEBUGGING_SYMBOLS = NO;
                            GCC_INLINES_ARE_PRIVATE_EXTERN = NO;
                            GCC_OPTIMIZATION_LEVEL = 0;
                            GCC_PREPROCESSOR_DEFINITIONS = "'CMAKE_INTDIR=\"$(CONFIGURATION)\"' 'BOOST_ALL_NO_LIB=1'";
                            GCC_SYMBOLS_PRIVATE_EXTERN = NO;
                            HEADER_SEARCH_PATHS = "/Users/davidcox/Repositories/monkeyworks/mw_supporting/boost_1_40_0 /Users/davidcox/Repositories/monkeyworks/mw_supporting/boost_1_40_0/libs/compatibility/include ";
                            INSTALL_PATH = "";
                            OTHER_CFLAGS = "  ";
                            OTHER_LDFLAGS = "";
                            OTHER_REZFLAGS = "";
                            PREBINDING = NO;
                            PRODUCT_NAME = "compatibility-modularize";
                            SECTORDER_FLAGS = "";
                            USE_HEADERMAP = NO;
                            WARNING_CFLAGS = "-Wmost -Wno-four-char-constants -Wno-unknown-pragmas";
                     };
                     name = MinSizeRel;
              };
              1FB3FE01FB3FE01FB3FE0000 /* RelWithDebInfo */ = {
                     isa = XCBuildConfiguration;
                     buildSettings = {
                            GCC_GENERATE_DEBUGGING_SYMBOLS = NO;
                            GCC_INLINES_ARE_PRIVATE_EXTERN = NO;
                            GCC_OPTIMIZATION_LEVEL = 0;
                            GCC_PREPROCESSOR_DEFINITIONS = "'CMAKE_INTDIR=\"$(CONFIGURATION)\"' 'BOOST_ALL_NO_LIB=1'";
                            GCC_SYMBOLS_PRIVATE_EXTERN = NO;
                            HEADER_SEARCH_PATHS = "/Users/davidcox/Repositories/monkeyworks/mw_supporting/boost_1_40_0 /Users/davidcox/Repositories/monkeyworks/mw_supporting/boost_1_40_0/libs/compatibility/include ";
                            INSTALL_PATH = "";
                            OTHER_CFLAGS = "  ";
                            OTHER_LDFLAGS = "";
                            OTHER_REZFLAGS = "";
                            PREBINDING = NO;
                            PRODUCT_NAME = "compatibility-modularize";
                            SECTORDER_FLAGS = "";
                            USE_HEADERMAP = NO;
                            WARNING_CFLAGS = "-Wmost -Wno-four-char-constants -Wno-unknown-pragmas";
                     };
                     name = RelWithDebInfo;
              };
              1FBB0A01FBB0A01FBB0A0000 /* Debug */ = {
                     isa = XCBuildConfiguration;
                     buildSettings = {
                            GCC_GENERATE_DEBUGGING_SYMBOLS = NO;
                            GCC_INLINES_ARE_PRIVATE_EXTERN = NO;
                            GCC_OPTIMIZATION_LEVEL = 0;
                            GCC_PREPROCESSOR_DEFINITIONS = "'CMAKE_INTDIR=\"$(CONFIGURATION)\"' 'BOOST_ALL_NO_LIB=1'";
                            GCC_SYMBOLS_PRIVATE_EXTERN = NO;
                            HEADER_SEARCH_PATHS = "/Users/davidcox/Repositories/monkeyworks/mw_supporting/boost_1_40_0 /Users/davidcox/Repositories/monkeyworks/mw_supporting/boost_1_40_0/libs/compatibility/include ";
                            INSTALL_PATH = "";
                            OTHER_CFLAGS = "  ";
                            OTHER_LDFLAGS = "";
                            OTHER_REZFLAGS = "";
                            PREBINDING = NO;
                            PRODUCT_NAME = install;
                            SECTORDER_FLAGS = "";
                            USE_HEADERMAP = NO;
                            WARNING_CFLAGS = "-Wmost -Wno-four-char-constants -Wno-unknown-pragmas";
                     };
                     name = Debug;
              };
              1FA43E01FA43E01FA43E0000 /* Release */ = {
                     isa = XCBuildConfiguration;
                     buildSettings = {
                            GCC_GENERATE_DEBUGGING_SYMBOLS = NO;
                            GCC_INLINES_ARE_PRIVATE_EXTERN = NO;
                            GCC_OPTIMIZATION_LEVEL = 0;
                            GCC_PREPROCESSOR_DEFINITIONS = "'CMAKE_INTDIR=\"$(CONFIGURATION)\"' 'BOOST_ALL_NO_LIB=1'";
                            GCC_SYMBOLS_PRIVATE_EXTERN = NO;
                            HEADER_SEARCH_PATHS = "/Users/davidcox/Repositories/monkeyworks/mw_supporting/boost_1_40_0 /Users/davidcox/Repositories/monkeyworks/mw_supporting/boost_1_40_0/libs/compatibility/include ";
                            INSTALL_PATH = "";
                            OTHER_CFLAGS = "  ";
                            OTHER_LDFLAGS = "";
                            OTHER_REZFLAGS = "";
                            PREBINDING = NO;
                            PRODUCT_NAME = install;
                            SECTORDER_FLAGS = "";
                            USE_HEADERMAP = NO;
                            WARNING_CFLAGS = "-Wmost -Wno-four-char-constants -Wno-unknown-pragmas";
                     };
                     name = Release;
              };
              1FA7C301FA7C301FA7C30000 /* MinSizeRel */ = {
                     isa = XCBuildConfiguration;
                     buildSettings = {
                            GCC_GENERATE_DEBUGGING_SYMBOLS = NO;
                            GCC_INLINES_ARE_PRIVATE_EXTERN = NO;
                            GCC_OPTIMIZATION_LEVEL = 0;
                            GCC_PREPROCESSOR_DEFINITIONS = "'CMAKE_INTDIR=\"$(CONFIGURATION)\"' 'BOOST_ALL_NO_LIB=1'";
                            GCC_SYMBOLS_PRIVATE_EXTERN = NO;
                            HEADER_SEARCH_PATHS = "/Users/davidcox/Repositories/monkeyworks/mw_supporting/boost_1_40_0 /Users/davidcox/Repositories/monkeyworks/mw_supporting/boost_1_40_0/libs/compatibility/include ";
                            INSTALL_PATH = "";
                            OTHER_CFLAGS = "  ";
                            OTHER_LDFLAGS = "";
                            OTHER_REZFLAGS = "";
                            PREBINDING = NO;
                            PRODUCT_NAME = install;
                            SECTORDER_FLAGS = "";
                            USE_HEADERMAP = NO;
                            WARNING_CFLAGS = "-Wmost -Wno-four-char-constants -Wno-unknown-pragmas";
                     };
                     name = MinSizeRel;
              };
              1FA8E001FA8E001FA8E00000 /* RelWithDebInfo */ = {
                     isa = XCBuildConfiguration;
                     buildSettings = {
                            GCC_GENERATE_DEBUGGING_SYMBOLS = NO;
                            GCC_INLINES_ARE_PRIVATE_EXTERN = NO;
                            GCC_OPTIMIZATION_LEVEL = 0;
                            GCC_PREPROCESSOR_DEFINITIONS = "'CMAKE_INTDIR=\"$(CONFIGURATION)\"' 'BOOST_ALL_NO_LIB=1'";
                            GCC_SYMBOLS_PRIVATE_EXTERN = NO;
                            HEADER_SEARCH_PATHS = "/Users/davidcox/Repositories/monkeyworks/mw_supporting/boost_1_40_0 /Users/davidcox/Repositories/monkeyworks/mw_supporting/boost_1_40_0/libs/compatibility/include ";
                            INSTALL_PATH = "";
                            OTHER_CFLAGS = "  ";
                            OTHER_LDFLAGS = "";
                            OTHER_REZFLAGS = "";
                            PREBINDING = NO;
                            PRODUCT_NAME = install;
                            SECTORDER_FLAGS = "";
                            USE_HEADERMAP = NO;
                            WARNING_CFLAGS = "-Wmost -Wno-four-char-constants -Wno-unknown-pragmas";
                     };
                     name = RelWithDebInfo;
              };
              1FA35F01FA35F01FA35F0000 /* Debug */ = {
                     isa = XCBuildConfiguration;
                     buildSettings = {
                            GCC_GENERATE_DEBUGGING_SYMBOLS = NO;
                            GCC_INLINES_ARE_PRIVATE_EXTERN = NO;
                            GCC_OPTIMIZATION_LEVEL = 0;
                            GCC_PREPROCESSOR_DEFINITIONS = "'CMAKE_INTDIR=\"$(CONFIGURATION)\"' 'BOOST_ALL_NO_LIB=1'";
                            GCC_SYMBOLS_PRIVATE_EXTERN = NO;
                            HEADER_SEARCH_PATHS = "/Users/davidcox/Repositories/monkeyworks/mw_supporting/boost_1_40_0 /Users/davidcox/Repositories/monkeyworks/mw_supporting/boost_1_40_0/libs/compatibility/include ";
                            INSTALL_PATH = "";
                            OTHER_CFLAGS = "  ";
                            OTHER_LDFLAGS = "";
                            OTHER_REZFLAGS = "";
                            PREBINDING = NO;
                            PRODUCT_NAME = package;
                            SECTORDER_FLAGS = "";
                            USE_HEADERMAP = NO;
                            WARNING_CFLAGS = "-Wmost -Wno-four-char-constants -Wno-unknown-pragmas";
                     };
                     name = Debug;
              };
              1FECF201FECF201FECF20000 /* Release */ = {
                     isa = XCBuildConfiguration;
                     buildSettings = {
                            GCC_GENERATE_DEBUGGING_SYMBOLS = NO;
                            GCC_INLINES_ARE_PRIVATE_EXTERN = NO;
                            GCC_OPTIMIZATION_LEVEL = 0;
                            GCC_PREPROCESSOR_DEFINITIONS = "'CMAKE_INTDIR=\"$(CONFIGURATION)\"' 'BOOST_ALL_NO_LIB=1'";
                            GCC_SYMBOLS_PRIVATE_EXTERN = NO;
                            HEADER_SEARCH_PATHS = "/Users/davidcox/Repositories/monkeyworks/mw_supporting/boost_1_40_0 /Users/davidcox/Repositories/monkeyworks/mw_supporting/boost_1_40_0/libs/compatibility/include ";
                            INSTALL_PATH = "";
                            OTHER_CFLAGS = "  ";
                            OTHER_LDFLAGS = "";
                            OTHER_REZFLAGS = "";
                            PREBINDING = NO;
                            PRODUCT_NAME = package;
                            SECTORDER_FLAGS = "";
                            USE_HEADERMAP = NO;
                            WARNING_CFLAGS = "-Wmost -Wno-four-char-constants -Wno-unknown-pragmas";
                     };
                     name = Release;
              };
              1FEF3601FEF3601FEF360000 /* MinSizeRel */ = {
                     isa = XCBuildConfiguration;
                     buildSettings = {
                            GCC_GENERATE_DEBUGGING_SYMBOLS = NO;
                            GCC_INLINES_ARE_PRIVATE_EXTERN = NO;
                            GCC_OPTIMIZATION_LEVEL = 0;
                            GCC_PREPROCESSOR_DEFINITIONS = "'CMAKE_INTDIR=\"$(CONFIGURATION)\"' 'BOOST_ALL_NO_LIB=1'";
                            GCC_SYMBOLS_PRIVATE_EXTERN = NO;
                            HEADER_SEARCH_PATHS = "/Users/davidcox/Repositories/monkeyworks/mw_supporting/boost_1_40_0 /Users/davidcox/Repositories/monkeyworks/mw_supporting/boost_1_40_0/libs/compatibility/include ";
                            INSTALL_PATH = "";
                            OTHER_CFLAGS = "  ";
                            OTHER_LDFLAGS = "";
                            OTHER_REZFLAGS = "";
                            PREBINDING = NO;
                            PRODUCT_NAME = package;
                            SECTORDER_FLAGS = "";
                            USE_HEADERMAP = NO;
                            WARNING_CFLAGS = "-Wmost -Wno-four-char-constants -Wno-unknown-pragmas";
                     };
                     name = MinSizeRel;
              };
              1FAD5901FAD5901FAD590000 /* RelWithDebInfo */ = {
                     isa = XCBuildConfiguration;
                     buildSettings = {
                            GCC_GENERATE_DEBUGGING_SYMBOLS = NO;
                            GCC_INLINES_ARE_PRIVATE_EXTERN = NO;
                            GCC_OPTIMIZATION_LEVEL = 0;
                            GCC_PREPROCESSOR_DEFINITIONS = "'CMAKE_INTDIR=\"$(CONFIGURATION)\"' 'BOOST_ALL_NO_LIB=1'";
                            GCC_SYMBOLS_PRIVATE_EXTERN = NO;
                            HEADER_SEARCH_PATHS = "/Users/davidcox/Repositories/monkeyworks/mw_supporting/boost_1_40_0 /Users/davidcox/Repositories/monkeyworks/mw_supporting/boost_1_40_0/libs/compatibility/include ";
                            INSTALL_PATH = "";
                            OTHER_CFLAGS = "  ";
                            OTHER_LDFLAGS = "";
                            OTHER_REZFLAGS = "";
                            PREBINDING = NO;
                            PRODUCT_NAME = package;
                            SECTORDER_FLAGS = "";
                            USE_HEADERMAP = NO;
                            WARNING_CFLAGS = "-Wmost -Wno-four-char-constants -Wno-unknown-pragmas";
                     };
                     name = RelWithDebInfo;
              };
/* End XCBuildConfiguration section */

/* Begin XCConfigurationList section */
              1FD3FB01FD3FB01FD3FB0000 /* Build configuration list for PBXProject  "compatibility" */ = {
                     isa = XCConfigurationList;
                     buildConfigurations = (
                            1F8EA301F8EA301F8EA30000 /* Debug */,
                            1FAB5601FAB5601FAB560000 /* Release */,
                            1F858A01F858A01F858A0000 /* MinSizeRel */,
                            1FDFA001FDFA001FDFA00000 /* RelWithDebInfo */,
                     );
                     defaultConfigurationIsVisible = 0;
                     defaultConfigurationName = Debug;
              };
              1F8AFB01F8AFB01F8AFB0000 /* Build configuration list for PBXAggregateTarget "ALL_BUILD" */ = {
                     isa = XCConfigurationList;
                     buildConfigurations = (
                            1F892001F892001F89200000 /* Debug */,
                            1FC43501FC43501FC4350000 /* Release */,
                            1FC38B01FC38B01FC38B0000 /* MinSizeRel */,
                            1F8E2701F8E2701F8E270000 /* RelWithDebInfo */,
                     );
                     defaultConfigurationIsVisible = 0;
                     defaultConfigurationName = Debug;
              };
              1F7F5701F7F5701F7F570000 /* Build configuration list for PBXAggregateTarget "compatibility-modularize" */ = {
                     isa = XCConfigurationList;
                     buildConfigurations = (
                            1FC9EB01FC9EB01FC9EB0000 /* Debug */,
                            1FC93901FC93901FC9390000 /* Release */,
                            1FB2E001FB2E001FB2E00000 /* MinSizeRel */,
                            1FB3FE01FB3FE01FB3FE0000 /* RelWithDebInfo */,
                     );
                     defaultConfigurationIsVisible = 0;
                     defaultConfigurationName = Debug;
              };
              1FBAB301FBAB301FBAB30000 /* Build configuration list for PBXAggregateTarget "install" */ = {
                     isa = XCConfigurationList;
                     buildConfigurations = (
                            1FBB0A01FBB0A01FBB0A0000 /* Debug */,
                            1FA43E01FA43E01FA43E0000 /* Release */,
                            1FA7C301FA7C301FA7C30000 /* MinSizeRel */,
                            1FA8E001FA8E001FA8E00000 /* RelWithDebInfo */,
                     );
                     defaultConfigurationIsVisible = 0;
                     defaultConfigurationName = Debug;
              };
              1FA30801FA30801FA3080000 /* Build configuration list for PBXAggregateTarget "package" */ = {
                     isa = XCConfigurationList;
                     buildConfigurations = (
                            1FA35F01FA35F01FA35F0000 /* Debug */,
                            1FECF201FECF201FECF20000 /* Release */,
                            1FEF3601FEF3601FEF360000 /* MinSizeRel */,
                            1FAD5901FAD5901FAD590000 /* RelWithDebInfo */,
                     );
                     defaultConfigurationIsVisible = 0;
                     defaultConfigurationName = Debug;
              };
/* End XCConfigurationList section */
       };
       rootObject = 1FA47B01FA47B01FA47B0000 /* Project object */;
}
