// !$*UTF8*$!
{
       archiveVersion = 1;
       classes = {
       };
       objectVersion = 42;
       objects = {

/* Begin PBXAggregateTarget section */
              1F730501F730501F73050000 /* ALL_BUILD */ = {
                     isa = PBXAggregateTarget;
                     buildConfigurationList = 1F945701F945701F94570000 /* Build configuration list for PBXAggregateTarget "ALL_BUILD" */;
                     buildPhases = (
                            1FE04001FE04001FE0400000 /* CMake ReRun */,
                            1F713B01F713B01F713B0000 /* CMake Rules */,
                     );
                     buildSettings = {
                            GCC_GENERATE_DEBUGGING_SYMBOLS = NO;
                            GCC_INLINES_ARE_PRIVATE_EXTERN = NO;
                            GCC_OPTIMIZATION_LEVEL = 0;
                            GCC_PREPROCESSOR_DEFINITIONS = "'CMAKE_INTDIR=\"$(CONFIGURATION)\"' 'BOOST_ALL_NO_LIB=1'";
                            GCC_SYMBOLS_PRIVATE_EXTERN = NO;
                            HEADER_SEARCH_PATHS = "/Users/davidcox/Repositories/monkeyworks/mw_supporting/boost_1_40_0 /Users/davidcox/Repositories/monkeyworks/mw_supporting/boost_1_40_0/libs/utility/include /Users/davidcox/Repositories/monkeyworks/mw_supporting/boost_1_40_0/libs/iterator/include /Users/davidcox/Repositories/monkeyworks/mw_supporting/boost_1_40_0/libs/exception/include /Users/davidcox/Repositories/monkeyworks/mw_supporting/boost_1_40_0/libs/detail/include /Users/davidcox/Repositories/monkeyworks/mw_supporting/boost_1_40_0/libs/mpl/include /Users/davidcox/Repositories/monkeyworks/mw_supporting/boost_1_40_0/libs/type_traits/include /Users/davidcox/Repositories/monkeyworks/mw_supporting/boost_1_40_0/libs/function/include /Users/davidcox/Repositories/monkeyworks/mw_supporting/boost_1_40_0/libs/concept_check/include /Users/davidcox/Repositories/monkeyworks/mw_supporting/boost_1_40_0/libs/smart_ptr/include /Users/davidcox/Repositories/monkeyworks/mw_supporting/boost_1_40_0/libs/tuple/include /Users/davidcox/Repositories/monkeyworks/mw_supporting/boost_1_40_0/libs/integer/include /Users/davidcox/Repositories/monkeyworks/mw_supporting/boost_1_40_0/libs/preprocessor/include /Users/davidcox/Repositories/monkeyworks/mw_supporting/boost_1_40_0/libs/config/include /Users/davidcox/Repositories/monkeyworks/mw_supporting/boost_1_40_0/libs/static_assert/include ";
                            INSTALL_PATH = "";
                            OTHER_CFLAGS = "  ";
                            OTHER_LDFLAGS = "";
                            OTHER_REZFLAGS = "";
                            PREBINDING = NO;
                            PRODUCT_NAME = ALL_BUILD;
                            SECTORDER_FLAGS = "";
                            USE_HEADERMAP = NO;
                            WARNING_CFLAGS = "-Wmost -Wno-four-char-constants -Wno-unknown-pragmas";
                     };
                     dependencies = (
                     );
                     name = ALL_BUILD;
                     productName = ALL_BUILD;
              };
              1FD30D01FD30D01FD30D0000 /* install */ = {
                     isa = PBXAggregateTarget;
                     buildConfigurationList = 1FD4DF01FD4DF01FD4DF0000 /* Build configuration list for PBXAggregateTarget "install" */;
                     buildPhases = (
                            1FDFA701FDFA701FDFA70000 /* CMake ReRun */,
                            1FBF5001FBF5001FBF500000 /* CMake PostBuild Rules */,
                     );
                     buildSettings = {
                            GCC_GENERATE_DEBUGGING_SYMBOLS = NO;
                            GCC_INLINES_ARE_PRIVATE_EXTERN = NO;
                            GCC_OPTIMIZATION_LEVEL = 0;
                            GCC_PREPROCESSOR_DEFINITIONS = "'CMAKE_INTDIR=\"$(CONFIGURATION)\"' 'BOOST_ALL_NO_LIB=1'";
                            GCC_SYMBOLS_PRIVATE_EXTERN = NO;
                            HEADER_SEARCH_PATHS = "/Users/davidcox/Repositories/monkeyworks/mw_supporting/boost_1_40_0 /Users/davidcox/Repositories/monkeyworks/mw_supporting/boost_1_40_0/libs/utility/include /Users/davidcox/Repositories/monkeyworks/mw_supporting/boost_1_40_0/libs/iterator/include /Users/davidcox/Repositories/monkeyworks/mw_supporting/boost_1_40_0/libs/exception/include /Users/davidcox/Repositories/monkeyworks/mw_supporting/boost_1_40_0/libs/detail/include /Users/davidcox/Repositories/monkeyworks/mw_supporting/boost_1_40_0/libs/mpl/include /Users/davidcox/Repositories/monkeyworks/mw_supporting/boost_1_40_0/libs/type_traits/include /Users/davidcox/Repositories/monkeyworks/mw_supporting/boost_1_40_0/libs/function/include /Users/davidcox/Repositories/monkeyworks/mw_supporting/boost_1_40_0/libs/concept_check/include /Users/davidcox/Repositories/monkeyworks/mw_supporting/boost_1_40_0/libs/smart_ptr/include /Users/davidcox/Repositories/monkeyworks/mw_supporting/boost_1_40_0/libs/tuple/include /Users/davidcox/Repositories/monkeyworks/mw_supporting/boost_1_40_0/libs/integer/include /Users/davidcox/Repositories/monkeyworks/mw_supporting/boost_1_40_0/libs/preprocessor/include /Users/davidcox/Repositories/monkeyworks/mw_supporting/boost_1_40_0/libs/config/include /Users/davidcox/Repositories/monkeyworks/mw_supporting/boost_1_40_0/libs/static_assert/include ";
                            INSTALL_PATH = "";
                            OTHER_CFLAGS = "  ";
                            OTHER_LDFLAGS = "";
                            OTHER_REZFLAGS = "";
                            PREBINDING = NO;
                            PRODUCT_NAME = install;
                            SECTORDER_FLAGS = "";
                            USE_HEADERMAP = NO;
                            WARNING_CFLAGS = "-Wmost -Wno-four-char-constants -Wno-unknown-pragmas";
                     };
                     dependencies = (
                            1FA89501FA89501FA8950000 /* PBXTargetDependency */,
                     );
                     name = install;
                     productName = install;
              };
              1F952301F952301F95230000 /* package */ = {
                     isa = PBXAggregateTarget;
                     buildConfigurationList = 1FE0A901FE0A901FE0A90000 /* Build configuration list for PBXAggregateTarget "package" */;
                     buildPhases = (
                            1FE4BC01FE4BC01FE4BC0000 /* CMake ReRun */,
                            1FED2601FED2601FED260000 /* CMake PostBuild Rules */,
                     );
                     buildSettings = {
                            GCC_GENERATE_DEBUGGING_SYMBOLS = NO;
                            GCC_INLINES_ARE_PRIVATE_EXTERN = NO;
                            GCC_OPTIMIZATION_LEVEL = 0;
                            GCC_PREPROCESSOR_DEFINITIONS = "'CMAKE_INTDIR=\"$(CONFIGURATION)\"' 'BOOST_ALL_NO_LIB=1'";
                            GCC_SYMBOLS_PRIVATE_EXTERN = NO;
                            HEADER_SEARCH_PATHS = "/Users/davidcox/Repositories/monkeyworks/mw_supporting/boost_1_40_0 /Users/davidcox/Repositories/monkeyworks/mw_supporting/boost_1_40_0/libs/utility/include /Users/davidcox/Repositories/monkeyworks/mw_supporting/boost_1_40_0/libs/iterator/include /Users/davidcox/Repositories/monkeyworks/mw_supporting/boost_1_40_0/libs/exception/include /Users/davidcox/Repositories/monkeyworks/mw_supporting/boost_1_40_0/libs/detail/include /Users/davidcox/Repositories/monkeyworks/mw_supporting/boost_1_40_0/libs/mpl/include /Users/davidcox/Repositories/monkeyworks/mw_supporting/boost_1_40_0/libs/type_traits/include /Users/davidcox/Repositories/monkeyworks/mw_supporting/boost_1_40_0/libs/function/include /Users/davidcox/Repositories/monkeyworks/mw_supporting/boost_1_40_0/libs/concept_check/include /Users/davidcox/Repositories/monkeyworks/mw_supporting/boost_1_40_0/libs/smart_ptr/include /Users/davidcox/Repositories/monkeyworks/mw_supporting/boost_1_40_0/libs/tuple/include /Users/davidcox/Repositories/monkeyworks/mw_supporting/boost_1_40_0/libs/integer/include /Users/davidcox/Repositories/monkeyworks/mw_supporting/boost_1_40_0/libs/preprocessor/include /Users/davidcox/Repositories/monkeyworks/mw_supporting/boost_1_40_0/libs/config/include /Users/davidcox/Repositories/monkeyworks/mw_supporting/boost_1_40_0/libs/static_assert/include ";
                            INSTALL_PATH = "";
                            OTHER_CFLAGS = "  ";
                            OTHER_LDFLAGS = "";
                            OTHER_REZFLAGS = "";
                            PREBINDING = NO;
                            PRODUCT_NAME = package;
                            SECTORDER_FLAGS = "";
                            USE_HEADERMAP = NO;
                            WARNING_CFLAGS = "-Wmost -Wno-four-char-constants -Wno-unknown-pragmas";
                     };
                     dependencies = (
                            1FA89501FA89501FA8950000 /* PBXTargetDependency */,
                     );
                     name = package;
                     productName = package;
              };
              1FC38901FC38901FC3890000 /* utility-modularize */ = {
                     isa = PBXAggregateTarget;
                     buildConfigurationList = 1F7F9C01F7F9C01F7F9C0000 /* Build configuration list for PBXAggregateTarget "utility-modularize" */;
                     buildPhases = (
                            1FE4AA01FE4AA01FE4AA0000 /* CMake ReRun */,
                            1FE51E01FE51E01FE51E0000 /* CMake Rules */,
                     );
                     buildSettings = {
                            GCC_GENERATE_DEBUGGING_SYMBOLS = NO;
                            GCC_INLINES_ARE_PRIVATE_EXTERN = NO;
                            GCC_OPTIMIZATION_LEVEL = 0;
                            GCC_PREPROCESSOR_DEFINITIONS = "'CMAKE_INTDIR=\"$(CONFIGURATION)\"' 'BOOST_ALL_NO_LIB=1'";
                            GCC_SYMBOLS_PRIVATE_EXTERN = NO;
                            HEADER_SEARCH_PATHS = "/Users/davidcox/Repositories/monkeyworks/mw_supporting/boost_1_40_0 /Users/davidcox/Repositories/monkeyworks/mw_supporting/boost_1_40_0/libs/utility/include /Users/davidcox/Repositories/monkeyworks/mw_supporting/boost_1_40_0/libs/iterator/include /Users/davidcox/Repositories/monkeyworks/mw_supporting/boost_1_40_0/libs/exception/include /Users/davidcox/Repositories/monkeyworks/mw_supporting/boost_1_40_0/libs/detail/include /Users/davidcox/Repositories/monkeyworks/mw_supporting/boost_1_40_0/libs/mpl/include /Users/davidcox/Repositories/monkeyworks/mw_supporting/boost_1_40_0/libs/type_traits/include /Users/davidcox/Repositories/monkeyworks/mw_supporting/boost_1_40_0/libs/function/include /Users/davidcox/Repositories/monkeyworks/mw_supporting/boost_1_40_0/libs/concept_check/include /Users/davidcox/Repositories/monkeyworks/mw_supporting/boost_1_40_0/libs/smart_ptr/include /Users/davidcox/Repositories/monkeyworks/mw_supporting/boost_1_40_0/libs/tuple/include /Users/davidcox/Repositories/monkeyworks/mw_supporting/boost_1_40_0/libs/integer/include /Users/davidcox/Repositories/monkeyworks/mw_supporting/boost_1_40_0/libs/preprocessor/include /Users/davidcox/Repositories/monkeyworks/mw_supporting/boost_1_40_0/libs/config/include /Users/davidcox/Repositories/monkeyworks/mw_supporting/boost_1_40_0/libs/static_assert/include ";
                            INSTALL_PATH = "";
                            OTHER_CFLAGS = "  ";
                            OTHER_LDFLAGS = "";
                            OTHER_REZFLAGS = "";
                            PREBINDING = NO;
                            PRODUCT_NAME = "utility-modularize";
                            SECTORDER_FLAGS = "";
                            USE_HEADERMAP = NO;
                            WARNING_CFLAGS = "-Wmost -Wno-four-char-constants -Wno-unknown-pragmas";
                     };
                     dependencies = (
                     );
                     name = "utility-modularize";
                     productName = "utility-modularize";
              };
/* End PBXAggregateTarget section */

/* Begin PBXBuildStyle section */
              1FC70401FC70401FC7040000 /*  */ = {
                     isa = PBXBuildStyle;
              };
              1FC8B701FC8B701FC8B70000 /* Debug */ = {
                     isa = PBXBuildStyle;
                     buildSettings = {
                            COPY_PHASE_STRIP = NO;
                     };
                     name = Debug;
              };
              1F9BCC01F9BCC01F9BCC0000 /* Release */ = {
                     isa = PBXBuildStyle;
                     buildSettings = {
                            COPY_PHASE_STRIP = NO;
                     };
                     name = Release;
              };
              1F8C7301F8C7301F8C730000 /* MinSizeRel */ = {
                     isa = PBXBuildStyle;
                     buildSettings = {
                            COPY_PHASE_STRIP = NO;
                     };
                     name = MinSizeRel;
              };
              1FA35401FA35401FA3540000 /* RelWithDebInfo */ = {
                     isa = PBXBuildStyle;
                     buildSettings = {
                            COPY_PHASE_STRIP = NO;
                     };
                     name = RelWithDebInfo;
              };
/* End PBXBuildStyle section */

/* Begin PBXContainerItemProxy section */
              2301D202301D202301D20000 /* PBXContainerItemProxy */ = {
                     isa = PBXContainerItemProxy;
                     containerPortal = 1FDB3B01FDB3B01FDB3B0000 /* Project object */;
                     proxyType = 1;
                     remoteGlobalIDString = 1F730501F730501F73050000;
                     remoteInfo = ALL_BUILD;
              };
/* End PBXContainerItemProxy section */

/* Begin PBXFileReference section */
1FAE0E01FAE0E01FAE0E0000 /* /Users/davidcox/Repositories/monkeyworks/mw_supporting/boost_1_40_0/libs/utility/CMakeLists.txt */ = {isa = PBXFileReference; fileEncoding = 4; lastKnownFileType = "sourcecode.text"; name = "CMakeLists.txt"; path = "/Users/davidcox/Repositories/monkeyworks/mw_supporting/boost_1_40_0/libs/utility/CMakeLists.txt"; sourceTree = "<absolute>"; };
/* End PBXFileReference section */

/* Begin PBXGroup section */
              1FB6C201FB6C201FB6C20000  = {
                     isa = PBXGroup;
                     children = (
                            1FDF5C01FDF5C01FDF5C0000 /* Sources */,
                            1FDC1201FDC1201FDC120000 /* Resources */,
                            1F742C01F742C01F742C0000 /* Products */,
                     );
                     sourceTree = "<group>";
              };
              1FDF5C01FDF5C01FDF5C0000 /* Sources */ = {
                     isa = PBXGroup;
                     children = (
                            1FE02C01FE02C01FE02C0000 /* ALL_BUILD */,
                            1F9D5401F9D5401F9D540000 /* utility-modularize */,
                     );
                     name = Sources;
                     sourceTree = "<group>";
              };
              1FDC1201FDC1201FDC120000 /* Resources */ = {
                     isa = PBXGroup;
                     children = (
                     );
                     name = Resources;
                     sourceTree = "<group>";
              };
              1FE02C01FE02C01FE02C0000 /* ALL_BUILD */ = {
                     isa = PBXGroup;
                     children = (
                            1F73C201F73C201F73C20000 /* CMake Rules */,
                            1FAE0E01FAE0E01FAE0E0000 /* /Users/davidcox/Repositories/monkeyworks/mw_supporting/boost_1_40_0/libs/utility/CMakeLists.txt */,
                     );
                     name = ALL_BUILD;
                     sourceTree = "<group>";
              };
              1F73C201F73C201F73C20000 /* CMake Rules */ = {
                     isa = PBXGroup;
                     children = (
                     );
                     name = "CMake Rules";
                     sourceTree = "<group>";
              };
              1F9D5401F9D5401F9D540000 /* utility-modularize */ = {
                     isa = PBXGroup;
                     children = (
                            1FE52701FE52701FE5270000 /* CMake Rules */,
                            1FAE0E01FAE0E01FAE0E0000 /* /Users/davidcox/Repositories/monkeyworks/mw_supporting/boost_1_40_0/libs/utility/CMakeLists.txt */,
                     );
                     name = "utility-modularize";
                     sourceTree = "<group>";
              };
              1FE52701FE52701FE5270000 /* CMake Rules */ = {
                     isa = PBXGroup;
                     children = (
                     );
                     name = "CMake Rules";
                     sourceTree = "<group>";
              };
              1F742C01F742C01F742C0000 /* Products */ = {
                     isa = PBXGroup;
                     children = (
                     );
                     name = Products;
                     sourceTree = "<group>";
              };
/* End PBXGroup section */

/* Begin PBXProject section */
              1FDB3B01FDB3B01FDB3B0000 /* Project object */ = {
                     isa = PBXProject;
                     buildConfigurationList = 1FDB3101FDB3101FDB310000 /* Build configuration list for PBXProject  "utility" */;
                     buildSettings = {
                     };
                     buildStyles = (
                            1FC8B701FC8B701FC8B70000 /* Debug */,
                            1F9BCC01F9BCC01F9BCC0000 /* Release */,
                            1F8C7301F8C7301F8C730000 /* MinSizeRel */,
                            1FA35401FA35401FA3540000 /* RelWithDebInfo */,
                     );
                     hasScannedForEncodings = 0;
                     mainGroup = 1FB6C201FB6C201FB6C20000;
                     projectRoot = /Users/davidcox/Repositories/monkeyworks/mw_supporting/boost_1_40_0/libs/utility;
                     targets = (
                            1F730501F730501F73050000 /* ALL_BUILD */,
                            1FD30D01FD30D01FD30D0000 /* install */,
                            1F952301F952301F95230000 /* package */,
                            1FC38901FC38901FC3890000 /* utility-modularize */,
                     );
              };
/* End PBXProject section */

/* Begin PBXShellScriptBuildPhase section */
              1FD29F01FD29F01FD29F0000 /*  */ = {
                     isa = PBXShellScriptBuildPhase;
                     buildActionMask = 2147483647;
                     files = (
                     );
                     inputPaths = (
                     );
                     outputPaths = (
                     );
                     runOnlyForDeploymentPostprocessing = 0;
                     shellPath = /bin/sh;
                     shellScript = "# shell script goes here
exit 0";
              };
              1FE04001FE04001FE0400000 /* CMake ReRun */ = {
                     isa = PBXShellScriptBuildPhase;
                     buildActionMask = 2147483647;
                     files = (
                     );
                     name = "CMake ReRun";
                     runOnlyForDeploymentPostprocessing = 0;
                     shellPath = /bin/sh;
                     shellScript = "make -C /Users/davidcox/Repositories/monkeyworks/mw_supporting/boost_1_40_0 -f /Users/davidcox/Repositories/monkeyworks/mw_supporting/boost_1_40_0/CMakeScripts/ReRunCMake.make";
              };
              1F713B01F713B01F713B0000 /* CMake Rules */ = {
                     isa = PBXShellScriptBuildPhase;
                     buildActionMask = 2147483647;
                     files = (
                     );
                     name = "CMake Rules";
                     runOnlyForDeploymentPostprocessing = 0;
                     shellPath = /bin/sh;
                     shellScript = "make -C /Users/davidcox/Repositories/monkeyworks/mw_supporting/boost_1_40_0/libs/utility -f /Users/davidcox/Repositories/monkeyworks/mw_supporting/boost_1_40_0/libs/utility/CMakeScripts/ALL_BUILD_cmakeRulesBuildPhase.make$CONFIGURATION all";
              };
              1F84AD01F84AD01F84AD0000 /*  */ = {
                     isa = PBXShellScriptBuildPhase;
                     buildActionMask = 2147483647;
                     files = (
                     );
                     inputPaths = (
                     );
                     outputPaths = (
                     );
                     runOnlyForDeploymentPostprocessing = 0;
                     shellPath = /bin/sh;
                     shellScript = "# shell script goes here
exit 0";
              };
              1FDFA701FDFA701FDFA70000 /* CMake ReRun */ = {
                     isa = PBXShellScriptBuildPhase;
                     buildActionMask = 2147483647;
                     files = (
                     );
                     name = "CMake ReRun";
                     runOnlyForDeploymentPostprocessing = 0;
                     shellPath = /bin/sh;
                     shellScript = "make -C /Users/davidcox/Repositories/monkeyworks/mw_supporting/boost_1_40_0 -f /Users/davidcox/Repositories/monkeyworks/mw_supporting/boost_1_40_0/CMakeScripts/ReRunCMake.make";
              };
              1FBF5001FBF5001FBF500000 /* CMake PostBuild Rules */ = {
                     isa = PBXShellScriptBuildPhase;
                     buildActionMask = 2147483647;
                     files = (
                     );
                     name = "CMake PostBuild Rules";
                     runOnlyForDeploymentPostprocessing = 0;
                     shellPath = /bin/sh;
                     shellScript = "make -C /Users/davidcox/Repositories/monkeyworks/mw_supporting/boost_1_40_0/libs/utility -f /Users/davidcox/Repositories/monkeyworks/mw_supporting/boost_1_40_0/libs/utility/CMakeScripts/install_postBuildPhase.make$CONFIGURATION all";
              };
              1FA14001FA14001FA1400000 /*  */ = {
                     isa = PBXShellScriptBuildPhase;
                     buildActionMask = 2147483647;
                     files = (
                     );
                     inputPaths = (
                     );
                     outputPaths = (
                     );
                     runOnlyForDeploymentPostprocessing = 0;
                     shellPath = /bin/sh;
                     shellScript = "# shell script goes here
exit 0";
              };
              1FE4BC01FE4BC01FE4BC0000 /* CMake ReRun */ = {
                     isa = PBXShellScriptBuildPhase;
                     buildActionMask = 2147483647;
                     files = (
                     );
                     name = "CMake ReRun";
                     runOnlyForDeploymentPostprocessing = 0;
                     shellPath = /bin/sh;
                     shellScript = "make -C /Users/davidcox/Repositories/monkeyworks/mw_supporting/boost_1_40_0 -f /Users/davidcox/Repositories/monkeyworks/mw_supporting/boost_1_40_0/CMakeScripts/ReRunCMake.make";
              };
              1FED2601FED2601FED260000 /* CMake PostBuild Rules */ = {
                     isa = PBXShellScriptBuildPhase;
                     buildActionMask = 2147483647;
                     files = (
                     );
                     name = "CMake PostBuild Rules";
                     runOnlyForDeploymentPostprocessing = 0;
                     shellPath = /bin/sh;
                     shellScript = "make -C /Users/davidcox/Repositories/monkeyworks/mw_supporting/boost_1_40_0/libs/utility -f /Users/davidcox/Repositories/monkeyworks/mw_supporting/boost_1_40_0/libs/utility/CMakeScripts/package_postBuildPhase.make$CONFIGURATION all";
              };
              1F9C6401F9C6401F9C640000 /*  */ = {
                     isa = PBXShellScriptBuildPhase;
                     buildActionMask = 2147483647;
                     files = (
                     );
                     inputPaths = (
                     );
                     outputPaths = (
                     );
                     runOnlyForDeploymentPostprocessing = 0;
                     shellPath = /bin/sh;
                     shellScript = "# shell script goes here
exit 0";
              };
              1FE4AA01FE4AA01FE4AA0000 /* CMake ReRun */ = {
                     isa = PBXShellScriptBuildPhase;
                     buildActionMask = 2147483647;
                     files = (
                     );
                     name = "CMake ReRun";
                     runOnlyForDeploymentPostprocessing = 0;
                     shellPath = /bin/sh;
                     shellScript = "make -C /Users/davidcox/Repositories/monkeyworks/mw_supporting/boost_1_40_0 -f /Users/davidcox/Repositories/monkeyworks/mw_supporting/boost_1_40_0/CMakeScripts/ReRunCMake.make";
              };
              1FE51E01FE51E01FE51E0000 /* CMake Rules */ = {
                     isa = PBXShellScriptBuildPhase;
                     buildActionMask = 2147483647;
                     files = (
                     );
                     name = "CMake Rules";
                     runOnlyForDeploymentPostprocessing = 0;
                     shellPath = /bin/sh;
                     shellScript = "make -C /Users/davidcox/Repositories/monkeyworks/mw_supporting/boost_1_40_0/libs/utility -f /Users/davidcox/Repositories/monkeyworks/mw_supporting/boost_1_40_0/libs/utility/CMakeScripts/utility-modularize_cmakeRulesBuildPhase.make$CONFIGURATION all";
              };
/* End PBXShellScriptBuildPhase section */

/* Begin PBXTargetDependency section */
              1FA89501FA89501FA8950000 /* PBXTargetDependency */ = {
                     isa = PBXTargetDependency;
                     target = 1F730501F730501F73050000 /* ALL_BUILD */;
                     targetProxy = 2301D202301D202301D20000 /* PBXContainerItemProxy */;
              };
/* End PBXTargetDependency section */

/* Begin XCBuildConfiguration section */
              1F837001F837001F83700000 /* Debug */ = {
                     isa = XCBuildConfiguration;
                     buildSettings = {
                            ARCHS = "i386 x86_64 ";
                            SDKROOT = "/Developer/SDKs/MacOSX10.5.sdk";
                     };
                     name = Debug;
              };
              1FC92501FC92501FC9250000 /* Release */ = {
                     isa = XCBuildConfiguration;
                     buildSettings = {
                            ARCHS = "i386 x86_64 ";
                            SDKROOT = "/Developer/SDKs/MacOSX10.5.sdk";
                     };
                     name = Release;
              };
              1F7D3901F7D3901F7D390000 /* MinSizeRel */ = {
                     isa = XCBuildConfiguration;
                     buildSettings = {
                            ARCHS = "i386 x86_64 ";
                            SDKROOT = "/Developer/SDKs/MacOSX10.5.sdk";
                     };
                     name = MinSizeRel;
              };
              1FA15801FA15801FA1580000 /* RelWithDebInfo */ = {
                     isa = XCBuildConfiguration;
                     buildSettings = {
                            ARCHS = "i386 x86_64 ";
                            SDKROOT = "/Developer/SDKs/MacOSX10.5.sdk";
                     };
                     name = RelWithDebInfo;
              };
              232836023283602328360000 /* Debug */ = {
                     isa = XCBuildConfiguration;
                     buildSettings = {
                            GCC_GENERATE_DEBUGGING_SYMBOLS = NO;
                            GCC_INLINES_ARE_PRIVATE_EXTERN = NO;
                            GCC_OPTIMIZATION_LEVEL = 0;
                            GCC_PREPROCESSOR_DEFINITIONS = "'CMAKE_INTDIR=\"$(CONFIGURATION)\"' 'BOOST_ALL_NO_LIB=1'";
                            GCC_SYMBOLS_PRIVATE_EXTERN = NO;
                            HEADER_SEARCH_PATHS = "/Users/davidcox/Repositories/monkeyworks/mw_supporting/boost_1_40_0 /Users/davidcox/Repositories/monkeyworks/mw_supporting/boost_1_40_0/libs/utility/include /Users/davidcox/Repositories/monkeyworks/mw_supporting/boost_1_40_0/libs/iterator/include /Users/davidcox/Repositories/monkeyworks/mw_supporting/boost_1_40_0/libs/exception/include /Users/davidcox/Repositories/monkeyworks/mw_supporting/boost_1_40_0/libs/detail/include /Users/davidcox/Repositories/monkeyworks/mw_supporting/boost_1_40_0/libs/mpl/include /Users/davidcox/Repositories/monkeyworks/mw_supporting/boost_1_40_0/libs/type_traits/include /Users/davidcox/Repositories/monkeyworks/mw_supporting/boost_1_40_0/libs/function/include /Users/davidcox/Repositories/monkeyworks/mw_supporting/boost_1_40_0/libs/concept_check/include /Users/davidcox/Repositories/monkeyworks/mw_supporting/boost_1_40_0/libs/smart_ptr/include /Users/davidcox/Repositories/monkeyworks/mw_supporting/boost_1_40_0/libs/tuple/include /Users/davidcox/Repositories/monkeyworks/mw_supporting/boost_1_40_0/libs/integer/include /Users/davidcox/Repositories/monkeyworks/mw_supporting/boost_1_40_0/libs/preprocessor/include /Users/davidcox/Repositories/monkeyworks/mw_supporting/boost_1_40_0/libs/config/include /Users/davidcox/Repositories/monkeyworks/mw_supporting/boost_1_40_0/libs/static_assert/include ";
                            INSTALL_PATH = "";
                            OTHER_CFLAGS = "  ";
                            OTHER_LDFLAGS = "";
                            OTHER_REZFLAGS = "";
                            PREBINDING = NO;
                            PRODUCT_NAME = ALL_BUILD;
                            SECTORDER_FLAGS = "";
                            USE_HEADERMAP = NO;
                            WARNING_CFLAGS = "-Wmost -Wno-four-char-constants -Wno-unknown-pragmas";
                     };
                     name = Debug;
              };
              1F83AB01F83AB01F83AB0000 /* Release */ = {
                     isa = XCBuildConfiguration;
                     buildSettings = {
                            GCC_GENERATE_DEBUGGING_SYMBOLS = NO;
                            GCC_INLINES_ARE_PRIVATE_EXTERN = NO;
                            GCC_OPTIMIZATION_LEVEL = 0;
                            GCC_PREPROCESSOR_DEFINITIONS = "'CMAKE_INTDIR=\"$(CONFIGURATION)\"' 'BOOST_ALL_NO_LIB=1'";
                            GCC_SYMBOLS_PRIVATE_EXTERN = NO;
                            HEADER_SEARCH_PATHS = "/Users/davidcox/Repositories/monkeyworks/mw_supporting/boost_1_40_0 /Users/davidcox/Repositories/monkeyworks/mw_supporting/boost_1_40_0/libs/utility/include /Users/davidcox/Repositories/monkeyworks/mw_supporting/boost_1_40_0/libs/iterator/include /Users/davidcox/Repositories/monkeyworks/mw_supporting/boost_1_40_0/libs/exception/include /Users/davidcox/Repositories/monkeyworks/mw_supporting/boost_1_40_0/libs/detail/include /Users/davidcox/Repositories/monkeyworks/mw_supporting/boost_1_40_0/libs/mpl/include /Users/davidcox/Repositories/monkeyworks/mw_supporting/boost_1_40_0/libs/type_traits/include /Users/davidcox/Repositories/monkeyworks/mw_supporting/boost_1_40_0/libs/function/include /Users/davidcox/Repositories/monkeyworks/mw_supporting/boost_1_40_0/libs/concept_check/include /Users/davidcox/Repositories/monkeyworks/mw_supporting/boost_1_40_0/libs/smart_ptr/include /Users/davidcox/Repositories/monkeyworks/mw_supporting/boost_1_40_0/libs/tuple/include /Users/davidcox/Repositories/monkeyworks/mw_supporting/boost_1_40_0/libs/integer/include /Users/davidcox/Repositories/monkeyworks/mw_supporting/boost_1_40_0/libs/preprocessor/include /Users/davidcox/Repositories/monkeyworks/mw_supporting/boost_1_40_0/libs/config/include /Users/davidcox/Repositories/monkeyworks/mw_supporting/boost_1_40_0/libs/static_assert/include ";
                            INSTALL_PATH = "";
                            OTHER_CFLAGS = "  ";
                            OTHER_LDFLAGS = "";
                            OTHER_REZFLAGS = "";
                            PREBINDING = NO;
                            PRODUCT_NAME = ALL_BUILD;
                            SECTORDER_FLAGS = "";
                            USE_HEADERMAP = NO;
                            WARNING_CFLAGS = "-Wmost -Wno-four-char-constants -Wno-unknown-pragmas";
                     };
                     name = Release;
              };
              232902023290202329020000 /* MinSizeRel */ = {
                     isa = XCBuildConfiguration;
                     buildSettings = {
                            GCC_GENERATE_DEBUGGING_SYMBOLS = NO;
                            GCC_INLINES_ARE_PRIVATE_EXTERN = NO;
                            GCC_OPTIMIZATION_LEVEL = 0;
                            GCC_PREPROCESSOR_DEFINITIONS = "'CMAKE_INTDIR=\"$(CONFIGURATION)\"' 'BOOST_ALL_NO_LIB=1'";
                            GCC_SYMBOLS_PRIVATE_EXTERN = NO;
                            HEADER_SEARCH_PATHS = "/Users/davidcox/Repositories/monkeyworks/mw_supporting/boost_1_40_0 /Users/davidcox/Repositories/monkeyworks/mw_supporting/boost_1_40_0/libs/utility/include /Users/davidcox/Repositories/monkeyworks/mw_supporting/boost_1_40_0/libs/iterator/include /Users/davidcox/Repositories/monkeyworks/mw_supporting/boost_1_40_0/libs/exception/include /Users/davidcox/Repositories/monkeyworks/mw_supporting/boost_1_40_0/libs/detail/include /Users/davidcox/Repositories/monkeyworks/mw_supporting/boost_1_40_0/libs/mpl/include /Users/davidcox/Repositories/monkeyworks/mw_supporting/boost_1_40_0/libs/type_traits/include /Users/davidcox/Repositories/monkeyworks/mw_supporting/boost_1_40_0/libs/function/include /Users/davidcox/Repositories/monkeyworks/mw_supporting/boost_1_40_0/libs/concept_check/include /Users/davidcox/Repositories/monkeyworks/mw_supporting/boost_1_40_0/libs/smart_ptr/include /Users/davidcox/Repositories/monkeyworks/mw_supporting/boost_1_40_0/libs/tuple/include /Users/davidcox/Repositories/monkeyworks/mw_supporting/boost_1_40_0/libs/integer/include /Users/davidcox/Repositories/monkeyworks/mw_supporting/boost_1_40_0/libs/preprocessor/include /Users/davidcox/Repositories/monkeyworks/mw_supporting/boost_1_40_0/libs/config/include /Users/davidcox/Repositories/monkeyworks/mw_supporting/boost_1_40_0/libs/static_assert/include ";
                            INSTALL_PATH = "";
                            OTHER_CFLAGS = "  ";
                            OTHER_LDFLAGS = "";
                            OTHER_REZFLAGS = "";
                            PREBINDING = NO;
                            PRODUCT_NAME = ALL_BUILD;
                            SECTORDER_FLAGS = "";
                            USE_HEADERMAP = NO;
                            WARNING_CFLAGS = "-Wmost -Wno-four-char-constants -Wno-unknown-pragmas";
                     };
                     name = MinSizeRel;
              };
              1F898401F898401F89840000 /* RelWithDebInfo */ = {
                     isa = XCBuildConfiguration;
                     buildSettings = {
                            GCC_GENERATE_DEBUGGING_SYMBOLS = NO;
                            GCC_INLINES_ARE_PRIVATE_EXTERN = NO;
                            GCC_OPTIMIZATION_LEVEL = 0;
                            GCC_PREPROCESSOR_DEFINITIONS = "'CMAKE_INTDIR=\"$(CONFIGURATION)\"' 'BOOST_ALL_NO_LIB=1'";
                            GCC_SYMBOLS_PRIVATE_EXTERN = NO;
                            HEADER_SEARCH_PATHS = "/Users/davidcox/Repositories/monkeyworks/mw_supporting/boost_1_40_0 /Users/davidcox/Repositories/monkeyworks/mw_supporting/boost_1_40_0/libs/utility/include /Users/davidcox/Repositories/monkeyworks/mw_supporting/boost_1_40_0/libs/iterator/include /Users/davidcox/Repositories/monkeyworks/mw_supporting/boost_1_40_0/libs/exception/include /Users/davidcox/Repositories/monkeyworks/mw_supporting/boost_1_40_0/libs/detail/include /Users/davidcox/Repositories/monkeyworks/mw_supporting/boost_1_40_0/libs/mpl/include /Users/davidcox/Repositories/monkeyworks/mw_supporting/boost_1_40_0/libs/type_traits/include /Users/davidcox/Repositories/monkeyworks/mw_supporting/boost_1_40_0/libs/function/include /Users/davidcox/Repositories/monkeyworks/mw_supporting/boost_1_40_0/libs/concept_check/include /Users/davidcox/Repositories/monkeyworks/mw_supporting/boost_1_40_0/libs/smart_ptr/include /Users/davidcox/Repositories/monkeyworks/mw_supporting/boost_1_40_0/libs/tuple/include /Users/davidcox/Repositories/monkeyworks/mw_supporting/boost_1_40_0/libs/integer/include /Users/davidcox/Repositories/monkeyworks/mw_supporting/boost_1_40_0/libs/preprocessor/include /Users/davidcox/Repositories/monkeyworks/mw_supporting/boost_1_40_0/libs/config/include /Users/davidcox/Repositories/monkeyworks/mw_supporting/boost_1_40_0/libs/static_assert/include ";
                            INSTALL_PATH = "";
                            OTHER_CFLAGS = "  ";
                            OTHER_LDFLAGS = "";
                            OTHER_REZFLAGS = "";
                            PREBINDING = NO;
                            PRODUCT_NAME = ALL_BUILD;
                            SECTORDER_FLAGS = "";
                            USE_HEADERMAP = NO;
                            WARNING_CFLAGS = "-Wmost -Wno-four-char-constants -Wno-unknown-pragmas";
                     };
                     name = RelWithDebInfo;
              };
              1F892001F892001F89200000 /* Debug */ = {
                     isa = XCBuildConfiguration;
                     buildSettings = {
                            GCC_GENERATE_DEBUGGING_SYMBOLS = NO;
                            GCC_INLINES_ARE_PRIVATE_EXTERN = NO;
                            GCC_OPTIMIZATION_LEVEL = 0;
                            GCC_PREPROCESSOR_DEFINITIONS = "'CMAKE_INTDIR=\"$(CONFIGURATION)\"' 'BOOST_ALL_NO_LIB=1'";
                            GCC_SYMBOLS_PRIVATE_EXTERN = NO;
                            HEADER_SEARCH_PATHS = "/Users/davidcox/Repositories/monkeyworks/mw_supporting/boost_1_40_0 /Users/davidcox/Repositories/monkeyworks/mw_supporting/boost_1_40_0/libs/utility/include /Users/davidcox/Repositories/monkeyworks/mw_supporting/boost_1_40_0/libs/iterator/include /Users/davidcox/Repositories/monkeyworks/mw_supporting/boost_1_40_0/libs/exception/include /Users/davidcox/Repositories/monkeyworks/mw_supporting/boost_1_40_0/libs/detail/include /Users/davidcox/Repositories/monkeyworks/mw_supporting/boost_1_40_0/libs/mpl/include /Users/davidcox/Repositories/monkeyworks/mw_supporting/boost_1_40_0/libs/type_traits/include /Users/davidcox/Repositories/monkeyworks/mw_supporting/boost_1_40_0/libs/function/include /Users/davidcox/Repositories/monkeyworks/mw_supporting/boost_1_40_0/libs/concept_check/include /Users/davidcox/Repositories/monkeyworks/mw_supporting/boost_1_40_0/libs/smart_ptr/include /Users/davidcox/Repositories/monkeyworks/mw_supporting/boost_1_40_0/libs/tuple/include /Users/davidcox/Repositories/monkeyworks/mw_supporting/boost_1_40_0/libs/integer/include /Users/davidcox/Repositories/monkeyworks/mw_supporting/boost_1_40_0/libs/preprocessor/include /Users/davidcox/Repositories/monkeyworks/mw_supporting/boost_1_40_0/libs/config/include /Users/davidcox/Repositories/monkeyworks/mw_supporting/boost_1_40_0/libs/static_assert/include ";
                            INSTALL_PATH = "";
                            OTHER_CFLAGS = "  ";
                            OTHER_LDFLAGS = "";
                            OTHER_REZFLAGS = "";
                            PREBINDING = NO;
                            PRODUCT_NAME = install;
                            SECTORDER_FLAGS = "";
                            USE_HEADERMAP = NO;
                            WARNING_CFLAGS = "-Wmost -Wno-four-char-constants -Wno-unknown-pragmas";
                     };
                     name = Debug;
              };
              1FC26D01FC26D01FC26D0000 /* Release */ = {
                     isa = XCBuildConfiguration;
                     buildSettings = {
                            GCC_GENERATE_DEBUGGING_SYMBOLS = NO;
                            GCC_INLINES_ARE_PRIVATE_EXTERN = NO;
                            GCC_OPTIMIZATION_LEVEL = 0;
                            GCC_PREPROCESSOR_DEFINITIONS = "'CMAKE_INTDIR=\"$(CONFIGURATION)\"' 'BOOST_ALL_NO_LIB=1'";
                            GCC_SYMBOLS_PRIVATE_EXTERN = NO;
                            HEADER_SEARCH_PATHS = "/Users/davidcox/Repositories/monkeyworks/mw_supporting/boost_1_40_0 /Users/davidcox/Repositories/monkeyworks/mw_supporting/boost_1_40_0/libs/utility/include /Users/davidcox/Repositories/monkeyworks/mw_supporting/boost_1_40_0/libs/iterator/include /Users/davidcox/Repositories/monkeyworks/mw_supporting/boost_1_40_0/libs/exception/include /Users/davidcox/Repositories/monkeyworks/mw_supporting/boost_1_40_0/libs/detail/include /Users/davidcox/Repositories/monkeyworks/mw_supporting/boost_1_40_0/libs/mpl/include /Users/davidcox/Repositories/monkeyworks/mw_supporting/boost_1_40_0/libs/type_traits/include /Users/davidcox/Repositories/monkeyworks/mw_supporting/boost_1_40_0/libs/function/include /Users/davidcox/Repositories/monkeyworks/mw_supporting/boost_1_40_0/libs/concept_check/include /Users/davidcox/Repositories/monkeyworks/mw_supporting/boost_1_40_0/libs/smart_ptr/include /Users/davidcox/Repositories/monkeyworks/mw_supporting/boost_1_40_0/libs/tuple/include /Users/davidcox/Repositories/monkeyworks/mw_supporting/boost_1_40_0/libs/integer/include /Users/davidcox/Repositories/monkeyworks/mw_supporting/boost_1_40_0/libs/preprocessor/include /Users/davidcox/Repositories/monkeyworks/mw_supporting/boost_1_40_0/libs/config/include /Users/davidcox/Repositories/monkeyworks/mw_supporting/boost_1_40_0/libs/static_assert/include ";
                            INSTALL_PATH = "";
                            OTHER_CFLAGS = "  ";
                            OTHER_LDFLAGS = "";
                            OTHER_REZFLAGS = "";
                            PREBINDING = NO;
                            PRODUCT_NAME = install;
                            SECTORDER_FLAGS = "";
                            USE_HEADERMAP = NO;
                            WARNING_CFLAGS = "-Wmost -Wno-four-char-constants -Wno-unknown-pragmas";
                     };
                     name = Release;
              };
              1FD9A701FD9A701FD9A70000 /* MinSizeRel */ = {
                     isa = XCBuildConfiguration;
                     buildSettings = {
                            GCC_GENERATE_DEBUGGING_SYMBOLS = NO;
                            GCC_INLINES_ARE_PRIVATE_EXTERN = NO;
                            GCC_OPTIMIZATION_LEVEL = 0;
                            GCC_PREPROCESSOR_DEFINITIONS = "'CMAKE_INTDIR=\"$(CONFIGURATION)\"' 'BOOST_ALL_NO_LIB=1'";
                            GCC_SYMBOLS_PRIVATE_EXTERN = NO;
                            HEADER_SEARCH_PATHS = "/Users/davidcox/Repositories/monkeyworks/mw_supporting/boost_1_40_0 /Users/davidcox/Repositories/monkeyworks/mw_supporting/boost_1_40_0/libs/utility/include /Users/davidcox/Repositories/monkeyworks/mw_supporting/boost_1_40_0/libs/iterator/include /Users/davidcox/Repositories/monkeyworks/mw_supporting/boost_1_40_0/libs/exception/include /Users/davidcox/Repositories/monkeyworks/mw_supporting/boost_1_40_0/libs/detail/include /Users/davidcox/Repositories/monkeyworks/mw_supporting/boost_1_40_0/libs/mpl/include /Users/davidcox/Repositories/monkeyworks/mw_supporting/boost_1_40_0/libs/type_traits/include /Users/davidcox/Repositories/monkeyworks/mw_supporting/boost_1_40_0/libs/function/include /Users/davidcox/Repositories/monkeyworks/mw_supporting/boost_1_40_0/libs/concept_check/include /Users/davidcox/Repositories/monkeyworks/mw_supporting/boost_1_40_0/libs/smart_ptr/include /Users/davidcox/Repositories/monkeyworks/mw_supporting/boost_1_40_0/libs/tuple/include /Users/davidcox/Repositories/monkeyworks/mw_supporting/boost_1_40_0/libs/integer/include /Users/davidcox/Repositories/monkeyworks/mw_supporting/boost_1_40_0/libs/preprocessor/include /Users/davidcox/Repositories/monkeyworks/mw_supporting/boost_1_40_0/libs/config/include /Users/davidcox/Repositories/monkeyworks/mw_supporting/boost_1_40_0/libs/static_assert/include ";
                            INSTALL_PATH = "";
                            OTHER_CFLAGS = "  ";
                            OTHER_LDFLAGS = "";
                            OTHER_REZFLAGS = "";
                            PREBINDING = NO;
                            PRODUCT_NAME = install;
                            SECTORDER_FLAGS = "";
                            USE_HEADERMAP = NO;
                            WARNING_CFLAGS = "-Wmost -Wno-four-char-constants -Wno-unknown-pragmas";
                     };
                     name = MinSizeRel;
              };
              1FEA4601FEA4601FEA460000 /* RelWithDebInfo */ = {
                     isa = XCBuildConfiguration;
                     buildSettings = {
                            GCC_GENERATE_DEBUGGING_SYMBOLS = NO;
                            GCC_INLINES_ARE_PRIVATE_EXTERN = NO;
                            GCC_OPTIMIZATION_LEVEL = 0;
                            GCC_PREPROCESSOR_DEFINITIONS = "'CMAKE_INTDIR=\"$(CONFIGURATION)\"' 'BOOST_ALL_NO_LIB=1'";
                            GCC_SYMBOLS_PRIVATE_EXTERN = NO;
                            HEADER_SEARCH_PATHS = "/Users/davidcox/Repositories/monkeyworks/mw_supporting/boost_1_40_0 /Users/davidcox/Repositories/monkeyworks/mw_supporting/boost_1_40_0/libs/utility/include /Users/davidcox/Repositories/monkeyworks/mw_supporting/boost_1_40_0/libs/iterator/include /Users/davidcox/Repositories/monkeyworks/mw_supporting/boost_1_40_0/libs/exception/include /Users/davidcox/Repositories/monkeyworks/mw_supporting/boost_1_40_0/libs/detail/include /Users/davidcox/Repositories/monkeyworks/mw_supporting/boost_1_40_0/libs/mpl/include /Users/davidcox/Repositories/monkeyworks/mw_supporting/boost_1_40_0/libs/type_traits/include /Users/davidcox/Repositories/monkeyworks/mw_supporting/boost_1_40_0/libs/function/include /Users/davidcox/Repositories/monkeyworks/mw_supporting/boost_1_40_0/libs/concept_check/include /Users/davidcox/Repositories/monkeyworks/mw_supporting/boost_1_40_0/libs/smart_ptr/include /Users/davidcox/Repositories/monkeyworks/mw_supporting/boost_1_40_0/libs/tuple/include /Users/davidcox/Repositories/monkeyworks/mw_supporting/boost_1_40_0/libs/integer/include /Users/davidcox/Repositories/monkeyworks/mw_supporting/boost_1_40_0/libs/preprocessor/include /Users/davidcox/Repositories/monkeyworks/mw_supporting/boost_1_40_0/libs/config/include /Users/davidcox/Repositories/monkeyworks/mw_supporting/boost_1_40_0/libs/static_assert/include ";
                            INSTALL_PATH = "";
                            OTHER_CFLAGS = "  ";
                            OTHER_LDFLAGS = "";
                            OTHER_REZFLAGS = "";
                            PREBINDING = NO;
                            PRODUCT_NAME = install;
                            SECTORDER_FLAGS = "";
                            USE_HEADERMAP = NO;
                            WARNING_CFLAGS = "-Wmost -Wno-four-char-constants -Wno-unknown-pragmas";
                     };
                     name = RelWithDebInfo;
              };
              1F7B2C01F7B2C01F7B2C0000 /* Debug */ = {
                     isa = XCBuildConfiguration;
                     buildSettings = {
                            GCC_GENERATE_DEBUGGING_SYMBOLS = NO;
                            GCC_INLINES_ARE_PRIVATE_EXTERN = NO;
                            GCC_OPTIMIZATION_LEVEL = 0;
                            GCC_PREPROCESSOR_DEFINITIONS = "'CMAKE_INTDIR=\"$(CONFIGURATION)\"' 'BOOST_ALL_NO_LIB=1'";
                            GCC_SYMBOLS_PRIVATE_EXTERN = NO;
                            HEADER_SEARCH_PATHS = "/Users/davidcox/Repositories/monkeyworks/mw_supporting/boost_1_40_0 /Users/davidcox/Repositories/monkeyworks/mw_supporting/boost_1_40_0/libs/utility/include /Users/davidcox/Repositories/monkeyworks/mw_supporting/boost_1_40_0/libs/iterator/include /Users/davidcox/Repositories/monkeyworks/mw_supporting/boost_1_40_0/libs/exception/include /Users/davidcox/Repositories/monkeyworks/mw_supporting/boost_1_40_0/libs/detail/include /Users/davidcox/Repositories/monkeyworks/mw_supporting/boost_1_40_0/libs/mpl/include /Users/davidcox/Repositories/monkeyworks/mw_supporting/boost_1_40_0/libs/type_traits/include /Users/davidcox/Repositories/monkeyworks/mw_supporting/boost_1_40_0/libs/function/include /Users/davidcox/Repositories/monkeyworks/mw_supporting/boost_1_40_0/libs/concept_check/include /Users/davidcox/Repositories/monkeyworks/mw_supporting/boost_1_40_0/libs/smart_ptr/include /Users/davidcox/Repositories/monkeyworks/mw_supporting/boost_1_40_0/libs/tuple/include /Users/davidcox/Repositories/monkeyworks/mw_supporting/boost_1_40_0/libs/integer/include /Users/davidcox/Repositories/monkeyworks/mw_supporting/boost_1_40_0/libs/preprocessor/include /Users/davidcox/Repositories/monkeyworks/mw_supporting/boost_1_40_0/libs/config/include /Users/davidcox/Repositories/monkeyworks/mw_supporting/boost_1_40_0/libs/static_assert/include ";
                            INSTALL_PATH = "";
                            OTHER_CFLAGS = "  ";
                            OTHER_LDFLAGS = "";
                            OTHER_REZFLAGS = "";
                            PREBINDING = NO;
                            PRODUCT_NAME = package;
                            SECTORDER_FLAGS = "";
                            USE_HEADERMAP = NO;
                            WARNING_CFLAGS = "-Wmost -Wno-four-char-constants -Wno-unknown-pragmas";
                     };
                     name = Debug;
              };
              1F9F0401F9F0401F9F040000 /* Release */ = {
                     isa = XCBuildConfiguration;
                     buildSettings = {
                            GCC_GENERATE_DEBUGGING_SYMBOLS = NO;
                            GCC_INLINES_ARE_PRIVATE_EXTERN = NO;
                            GCC_OPTIMIZATION_LEVEL = 0;
                            GCC_PREPROCESSOR_DEFINITIONS = "'CMAKE_INTDIR=\"$(CONFIGURATION)\"' 'BOOST_ALL_NO_LIB=1'";
                            GCC_SYMBOLS_PRIVATE_EXTERN = NO;
                            HEADER_SEARCH_PATHS = "/Users/davidcox/Repositories/monkeyworks/mw_supporting/boost_1_40_0 /Users/davidcox/Repositories/monkeyworks/mw_supporting/boost_1_40_0/libs/utility/include /Users/davidcox/Repositories/monkeyworks/mw_supporting/boost_1_40_0/libs/iterator/include /Users/davidcox/Repositories/monkeyworks/mw_supporting/boost_1_40_0/libs/exception/include /Users/davidcox/Repositories/monkeyworks/mw_supporting/boost_1_40_0/libs/detail/include /Users/davidcox/Repositories/monkeyworks/mw_supporting/boost_1_40_0/libs/mpl/include /Users/davidcox/Repositories/monkeyworks/mw_supporting/boost_1_40_0/libs/type_traits/include /Users/davidcox/Repositories/monkeyworks/mw_supporting/boost_1_40_0/libs/function/include /Users/davidcox/Repositories/monkeyworks/mw_supporting/boost_1_40_0/libs/concept_check/include /Users/davidcox/Repositories/monkeyworks/mw_supporting/boost_1_40_0/libs/smart_ptr/include /Users/davidcox/Repositories/monkeyworks/mw_supporting/boost_1_40_0/libs/tuple/include /Users/davidcox/Repositories/monkeyworks/mw_supporting/boost_1_40_0/libs/integer/include /Users/davidcox/Repositories/monkeyworks/mw_supporting/boost_1_40_0/libs/preprocessor/include /Users/davidcox/Repositories/monkeyworks/mw_supporting/boost_1_40_0/libs/config/include /Users/davidcox/Repositories/monkeyworks/mw_supporting/boost_1_40_0/libs/static_assert/include ";
                            INSTALL_PATH = "";
                            OTHER_CFLAGS = "  ";
                            OTHER_LDFLAGS = "";
                            OTHER_REZFLAGS = "";
                            PREBINDING = NO;
                            PRODUCT_NAME = package;
                            SECTORDER_FLAGS = "";
                            USE_HEADERMAP = NO;
                            WARNING_CFLAGS = "-Wmost -Wno-four-char-constants -Wno-unknown-pragmas";
                     };
                     name = Release;
              };
              1FDC9101FDC9101FDC910000 /* MinSizeRel */ = {
                     isa = XCBuildConfiguration;
                     buildSettings = {
                            GCC_GENERATE_DEBUGGING_SYMBOLS = NO;
                            GCC_INLINES_ARE_PRIVATE_EXTERN = NO;
                            GCC_OPTIMIZATION_LEVEL = 0;
                            GCC_PREPROCESSOR_DEFINITIONS = "'CMAKE_INTDIR=\"$(CONFIGURATION)\"' 'BOOST_ALL_NO_LIB=1'";
                            GCC_SYMBOLS_PRIVATE_EXTERN = NO;
                            HEADER_SEARCH_PATHS = "/Users/davidcox/Repositories/monkeyworks/mw_supporting/boost_1_40_0 /Users/davidcox/Repositories/monkeyworks/mw_supporting/boost_1_40_0/libs/utility/include /Users/davidcox/Repositories/monkeyworks/mw_supporting/boost_1_40_0/libs/iterator/include /Users/davidcox/Repositories/monkeyworks/mw_supporting/boost_1_40_0/libs/exception/include /Users/davidcox/Repositories/monkeyworks/mw_supporting/boost_1_40_0/libs/detail/include /Users/davidcox/Repositories/monkeyworks/mw_supporting/boost_1_40_0/libs/mpl/include /Users/davidcox/Repositories/monkeyworks/mw_supporting/boost_1_40_0/libs/type_traits/include /Users/davidcox/Repositories/monkeyworks/mw_supporting/boost_1_40_0/libs/function/include /Users/davidcox/Repositories/monkeyworks/mw_supporting/boost_1_40_0/libs/concept_check/include /Users/davidcox/Repositories/monkeyworks/mw_supporting/boost_1_40_0/libs/smart_ptr/include /Users/davidcox/Repositories/monkeyworks/mw_supporting/boost_1_40_0/libs/tuple/include /Users/davidcox/Repositories/monkeyworks/mw_supporting/boost_1_40_0/libs/integer/include /Users/davidcox/Repositories/monkeyworks/mw_supporting/boost_1_40_0/libs/preprocessor/include /Users/davidcox/Repositories/monkeyworks/mw_supporting/boost_1_40_0/libs/config/include /Users/davidcox/Repositories/monkeyworks/mw_supporting/boost_1_40_0/libs/static_assert/include ";
                            INSTALL_PATH = "";
                            OTHER_CFLAGS = "  ";
                            OTHER_LDFLAGS = "";
                            OTHER_REZFLAGS = "";
                            PREBINDING = NO;
                            PRODUCT_NAME = package;
                            SECTORDER_FLAGS = "";
                            USE_HEADERMAP = NO;
                            WARNING_CFLAGS = "-Wmost -Wno-four-char-constants -Wno-unknown-pragmas";
                     };
                     name = MinSizeRel;
              };
              1F996A01F996A01F996A0000 /* RelWithDebInfo */ = {
                     isa = XCBuildConfiguration;
                     buildSettings = {
                            GCC_GENERATE_DEBUGGING_SYMBOLS = NO;
                            GCC_INLINES_ARE_PRIVATE_EXTERN = NO;
                            GCC_OPTIMIZATION_LEVEL = 0;
                            GCC_PREPROCESSOR_DEFINITIONS = "'CMAKE_INTDIR=\"$(CONFIGURATION)\"' 'BOOST_ALL_NO_LIB=1'";
                            GCC_SYMBOLS_PRIVATE_EXTERN = NO;
                            HEADER_SEARCH_PATHS = "/Users/davidcox/Repositories/monkeyworks/mw_supporting/boost_1_40_0 /Users/davidcox/Repositories/monkeyworks/mw_supporting/boost_1_40_0/libs/utility/include /Users/davidcox/Repositories/monkeyworks/mw_supporting/boost_1_40_0/libs/iterator/include /Users/davidcox/Repositories/monkeyworks/mw_supporting/boost_1_40_0/libs/exception/include /Users/davidcox/Repositories/monkeyworks/mw_supporting/boost_1_40_0/libs/detail/include /Users/davidcox/Repositories/monkeyworks/mw_supporting/boost_1_40_0/libs/mpl/include /Users/davidcox/Repositories/monkeyworks/mw_supporting/boost_1_40_0/libs/type_traits/include /Users/davidcox/Repositories/monkeyworks/mw_supporting/boost_1_40_0/libs/function/include /Users/davidcox/Repositories/monkeyworks/mw_supporting/boost_1_40_0/libs/concept_check/include /Users/davidcox/Repositories/monkeyworks/mw_supporting/boost_1_40_0/libs/smart_ptr/include /Users/davidcox/Repositories/monkeyworks/mw_supporting/boost_1_40_0/libs/tuple/include /Users/davidcox/Repositories/monkeyworks/mw_supporting/boost_1_40_0/libs/integer/include /Users/davidcox/Repositories/monkeyworks/mw_supporting/boost_1_40_0/libs/preprocessor/include /Users/davidcox/Repositories/monkeyworks/mw_supporting/boost_1_40_0/libs/config/include /Users/davidcox/Repositories/monkeyworks/mw_supporting/boost_1_40_0/libs/static_assert/include ";
                            INSTALL_PATH = "";
                            OTHER_CFLAGS = "  ";
                            OTHER_LDFLAGS = "";
                            OTHER_REZFLAGS = "";
                            PREBINDING = NO;
                            PRODUCT_NAME = package;
                            SECTORDER_FLAGS = "";
                            USE_HEADERMAP = NO;
                            WARNING_CFLAGS = "-Wmost -Wno-four-char-constants -Wno-unknown-pragmas";
                     };
                     name = RelWithDebInfo;
              };
              1FD60401FD60401FD6040000 /* Debug */ = {
                     isa = XCBuildConfiguration;
                     buildSettings = {
                            GCC_GENERATE_DEBUGGING_SYMBOLS = NO;
                            GCC_INLINES_ARE_PRIVATE_EXTERN = NO;
                            GCC_OPTIMIZATION_LEVEL = 0;
                            GCC_PREPROCESSOR_DEFINITIONS = "'CMAKE_INTDIR=\"$(CONFIGURATION)\"' 'BOOST_ALL_NO_LIB=1'";
                            GCC_SYMBOLS_PRIVATE_EXTERN = NO;
                            HEADER_SEARCH_PATHS = "/Users/davidcox/Repositories/monkeyworks/mw_supporting/boost_1_40_0 /Users/davidcox/Repositories/monkeyworks/mw_supporting/boost_1_40_0/libs/utility/include /Users/davidcox/Repositories/monkeyworks/mw_supporting/boost_1_40_0/libs/iterator/include /Users/davidcox/Repositories/monkeyworks/mw_supporting/boost_1_40_0/libs/exception/include /Users/davidcox/Repositories/monkeyworks/mw_supporting/boost_1_40_0/libs/detail/include /Users/davidcox/Repositories/monkeyworks/mw_supporting/boost_1_40_0/libs/mpl/include /Users/davidcox/Repositories/monkeyworks/mw_supporting/boost_1_40_0/libs/type_traits/include /Users/davidcox/Repositories/monkeyworks/mw_supporting/boost_1_40_0/libs/function/include /Users/davidcox/Repositories/monkeyworks/mw_supporting/boost_1_40_0/libs/concept_check/include /Users/davidcox/Repositories/monkeyworks/mw_supporting/boost_1_40_0/libs/smart_ptr/include /Users/davidcox/Repositories/monkeyworks/mw_supporting/boost_1_40_0/libs/tuple/include /Users/davidcox/Repositories/monkeyworks/mw_supporting/boost_1_40_0/libs/integer/include /Users/davidcox/Repositories/monkeyworks/mw_supporting/boost_1_40_0/libs/preprocessor/include /Users/davidcox/Repositories/monkeyworks/mw_supporting/boost_1_40_0/libs/config/include /Users/davidcox/Repositories/monkeyworks/mw_supporting/boost_1_40_0/libs/static_assert/include ";
                            INSTALL_PATH = "";
                            OTHER_CFLAGS = "  ";
                            OTHER_LDFLAGS = "";
                            OTHER_REZFLAGS = "";
                            PREBINDING = NO;
                            PRODUCT_NAME = "utility-modularize";
                            SECTORDER_FLAGS = "";
                            USE_HEADERMAP = NO;
                            WARNING_CFLAGS = "-Wmost -Wno-four-char-constants -Wno-unknown-pragmas";
                     };
                     name = Debug;
              };
              1F749E01F749E01F749E0000 /* Release */ = {
                     isa = XCBuildConfiguration;
                     buildSettings = {
                            GCC_GENERATE_DEBUGGING_SYMBOLS = NO;
                            GCC_INLINES_ARE_PRIVATE_EXTERN = NO;
                            GCC_OPTIMIZATION_LEVEL = 0;
                            GCC_PREPROCESSOR_DEFINITIONS = "'CMAKE_INTDIR=\"$(CONFIGURATION)\"' 'BOOST_ALL_NO_LIB=1'";
                            GCC_SYMBOLS_PRIVATE_EXTERN = NO;
                            HEADER_SEARCH_PATHS = "/Users/davidcox/Repositories/monkeyworks/mw_supporting/boost_1_40_0 /Users/davidcox/Repositories/monkeyworks/mw_supporting/boost_1_40_0/libs/utility/include /Users/davidcox/Repositories/monkeyworks/mw_supporting/boost_1_40_0/libs/iterator/include /Users/davidcox/Repositories/monkeyworks/mw_supporting/boost_1_40_0/libs/exception/include /Users/davidcox/Repositories/monkeyworks/mw_supporting/boost_1_40_0/libs/detail/include /Users/davidcox/Repositories/monkeyworks/mw_supporting/boost_1_40_0/libs/mpl/include /Users/davidcox/Repositories/monkeyworks/mw_supporting/boost_1_40_0/libs/type_traits/include /Users/davidcox/Repositories/monkeyworks/mw_supporting/boost_1_40_0/libs/function/include /Users/davidcox/Repositories/monkeyworks/mw_supporting/boost_1_40_0/libs/concept_check/include /Users/davidcox/Repositories/monkeyworks/mw_supporting/boost_1_40_0/libs/smart_ptr/include /Users/davidcox/Repositories/monkeyworks/mw_supporting/boost_1_40_0/libs/tuple/include /Users/davidcox/Repositories/monkeyworks/mw_supporting/boost_1_40_0/libs/integer/include /Users/davidcox/Repositories/monkeyworks/mw_supporting/boost_1_40_0/libs/preprocessor/include /Users/davidcox/Repositories/monkeyworks/mw_supporting/boost_1_40_0/libs/config/include /Users/davidcox/Repositories/monkeyworks/mw_supporting/boost_1_40_0/libs/static_assert/include ";
                            INSTALL_PATH = "";
                            OTHER_CFLAGS = "  ";
                            OTHER_LDFLAGS = "";
                            OTHER_REZFLAGS = "";
                            PREBINDING = NO;
                            PRODUCT_NAME = "utility-modularize";
                            SECTORDER_FLAGS = "";
                            USE_HEADERMAP = NO;
                            WARNING_CFLAGS = "-Wmost -Wno-four-char-constants -Wno-unknown-pragmas";
                     };
                     name = Release;
              };
              1FDCC501FDCC501FDCC50000 /* MinSizeRel */ = {
                     isa = XCBuildConfiguration;
                     buildSettings = {
                            GCC_GENERATE_DEBUGGING_SYMBOLS = NO;
                            GCC_INLINES_ARE_PRIVATE_EXTERN = NO;
                            GCC_OPTIMIZATION_LEVEL = 0;
                            GCC_PREPROCESSOR_DEFINITIONS = "'CMAKE_INTDIR=\"$(CONFIGURATION)\"' 'BOOST_ALL_NO_LIB=1'";
                            GCC_SYMBOLS_PRIVATE_EXTERN = NO;
                            HEADER_SEARCH_PATHS = "/Users/davidcox/Repositories/monkeyworks/mw_supporting/boost_1_40_0 /Users/davidcox/Repositories/monkeyworks/mw_supporting/boost_1_40_0/libs/utility/include /Users/davidcox/Repositories/monkeyworks/mw_supporting/boost_1_40_0/libs/iterator/include /Users/davidcox/Repositories/monkeyworks/mw_supporting/boost_1_40_0/libs/exception/include /Users/davidcox/Repositories/monkeyworks/mw_supporting/boost_1_40_0/libs/detail/include /Users/davidcox/Repositories/monkeyworks/mw_supporting/boost_1_40_0/libs/mpl/include /Users/davidcox/Repositories/monkeyworks/mw_supporting/boost_1_40_0/libs/type_traits/include /Users/davidcox/Repositories/monkeyworks/mw_supporting/boost_1_40_0/libs/function/include /Users/davidcox/Repositories/monkeyworks/mw_supporting/boost_1_40_0/libs/concept_check/include /Users/davidcox/Repositories/monkeyworks/mw_supporting/boost_1_40_0/libs/smart_ptr/include /Users/davidcox/Repositories/monkeyworks/mw_supporting/boost_1_40_0/libs/tuple/include /Users/davidcox/Repositories/monkeyworks/mw_supporting/boost_1_40_0/libs/integer/include /Users/davidcox/Repositories/monkeyworks/mw_supporting/boost_1_40_0/libs/preprocessor/include /Users/davidcox/Repositories/monkeyworks/mw_supporting/boost_1_40_0/libs/config/include /Users/davidcox/Repositories/monkeyworks/mw_supporting/boost_1_40_0/libs/static_assert/include ";
                            INSTALL_PATH = "";
                            OTHER_CFLAGS = "  ";
                            OTHER_LDFLAGS = "";
                            OTHER_REZFLAGS = "";
                            PREBINDING = NO;
                            PRODUCT_NAME = "utility-modularize";
                            SECTORDER_FLAGS = "";
                            USE_HEADERMAP = NO;
                            WARNING_CFLAGS = "-Wmost -Wno-four-char-constants -Wno-unknown-pragmas";
                     };
                     name = MinSizeRel;
              };
              1FE7F301FE7F301FE7F30000 /* RelWithDebInfo */ = {
                     isa = XCBuildConfiguration;
                     buildSettings = {
                            GCC_GENERATE_DEBUGGING_SYMBOLS = NO;
                            GCC_INLINES_ARE_PRIVATE_EXTERN = NO;
                            GCC_OPTIMIZATION_LEVEL = 0;
                            GCC_PREPROCESSOR_DEFINITIONS = "'CMAKE_INTDIR=\"$(CONFIGURATION)\"' 'BOOST_ALL_NO_LIB=1'";
                            GCC_SYMBOLS_PRIVATE_EXTERN = NO;
                            HEADER_SEARCH_PATHS = "/Users/davidcox/Repositories/monkeyworks/mw_supporting/boost_1_40_0 /Users/davidcox/Repositories/monkeyworks/mw_supporting/boost_1_40_0/libs/utility/include /Users/davidcox/Repositories/monkeyworks/mw_supporting/boost_1_40_0/libs/iterator/include /Users/davidcox/Repositories/monkeyworks/mw_supporting/boost_1_40_0/libs/exception/include /Users/davidcox/Repositories/monkeyworks/mw_supporting/boost_1_40_0/libs/detail/include /Users/davidcox/Repositories/monkeyworks/mw_supporting/boost_1_40_0/libs/mpl/include /Users/davidcox/Repositories/monkeyworks/mw_supporting/boost_1_40_0/libs/type_traits/include /Users/davidcox/Repositories/monkeyworks/mw_supporting/boost_1_40_0/libs/function/include /Users/davidcox/Repositories/monkeyworks/mw_supporting/boost_1_40_0/libs/concept_check/include /Users/davidcox/Repositories/monkeyworks/mw_supporting/boost_1_40_0/libs/smart_ptr/include /Users/davidcox/Repositories/monkeyworks/mw_supporting/boost_1_40_0/libs/tuple/include /Users/davidcox/Repositories/monkeyworks/mw_supporting/boost_1_40_0/libs/integer/include /Users/davidcox/Repositories/monkeyworks/mw_supporting/boost_1_40_0/libs/preprocessor/include /Users/davidcox/Repositories/monkeyworks/mw_supporting/boost_1_40_0/libs/config/include /Users/davidcox/Repositories/monkeyworks/mw_supporting/boost_1_40_0/libs/static_assert/include ";
                            INSTALL_PATH = "";
                            OTHER_CFLAGS = "  ";
                            OTHER_LDFLAGS = "";
                            OTHER_REZFLAGS = "";
                            PREBINDING = NO;
                            PRODUCT_NAME = "utility-modularize";
                            SECTORDER_FLAGS = "";
                            USE_HEADERMAP = NO;
                            WARNING_CFLAGS = "-Wmost -Wno-four-char-constants -Wno-unknown-pragmas";
                     };
                     name = RelWithDebInfo;
              };
/* End XCBuildConfiguration section */

/* Begin XCConfigurationList section */
              1FDB3101FDB3101FDB310000 /* Build configuration list for PBXProject  "utility" */ = {
                     isa = XCConfigurationList;
                     buildConfigurations = (
                            1F837001F837001F83700000 /* Debug */,
                            1FC92501FC92501FC9250000 /* Release */,
                            1F7D3901F7D3901F7D390000 /* MinSizeRel */,
                            1FA15801FA15801FA1580000 /* RelWithDebInfo */,
                     );
                     defaultConfigurationIsVisible = 0;
                     defaultConfigurationName = Debug;
              };
              1F945701F945701F94570000 /* Build configuration list for PBXAggregateTarget "ALL_BUILD" */ = {
                     isa = XCConfigurationList;
                     buildConfigurations = (
                            232836023283602328360000 /* Debug */,
                            1F83AB01F83AB01F83AB0000 /* Release */,
                            232902023290202329020000 /* MinSizeRel */,
                            1F898401F898401F89840000 /* RelWithDebInfo */,
                     );
                     defaultConfigurationIsVisible = 0;
                     defaultConfigurationName = Debug;
              };
              1FD4DF01FD4DF01FD4DF0000 /* Build configuration list for PBXAggregateTarget "install" */ = {
                     isa = XCConfigurationList;
                     buildConfigurations = (
                            1F892001F892001F89200000 /* Debug */,
                            1FC26D01FC26D01FC26D0000 /* Release */,
                            1FD9A701FD9A701FD9A70000 /* MinSizeRel */,
                            1FEA4601FEA4601FEA460000 /* RelWithDebInfo */,
                     );
                     defaultConfigurationIsVisible = 0;
                     defaultConfigurationName = Debug;
              };
              1FE0A901FE0A901FE0A90000 /* Build configuration list for PBXAggregateTarget "package" */ = {
                     isa = XCConfigurationList;
                     buildConfigurations = (
                            1F7B2C01F7B2C01F7B2C0000 /* Debug */,
                            1F9F0401F9F0401F9F040000 /* Release */,
                            1FDC9101FDC9101FDC910000 /* MinSizeRel */,
                            1F996A01F996A01F996A0000 /* RelWithDebInfo */,
                     );
                     defaultConfigurationIsVisible = 0;
                     defaultConfigurationName = Debug;
              };
              1F7F9C01F7F9C01F7F9C0000 /* Build configuration list for PBXAggregateTarget "utility-modularize" */ = {
                     isa = XCConfigurationList;
                     buildConfigurations = (
                            1FD60401FD60401FD6040000 /* Debug */,
                            1F749E01F749E01F749E0000 /* Release */,
                            1FDCC501FDCC501FDCC50000 /* MinSizeRel */,
                            1FE7F301FE7F301FE7F30000 /* RelWithDebInfo */,
                     );
                     defaultConfigurationIsVisible = 0;
                     defaultConfigurationName = Debug;
              };
/* End XCConfigurationList section */
       };
       rootObject = 1FDB3B01FDB3B01FDB3B0000 /* Project object */;
}
